{
    "_meta": {
        "hash": {
            "sha256": "4bd38e5ea67b34dc08a7275ccd0e99cd446cb9e3b418c6c340b36301b442f3ef"
        },
        "pipfile-spec": 6,
        "requires": {
            "python_version": "3.8"
        },
        "sources": [
            {
                "name": "pypi",
                "url": "https://pypi.org/simple",
                "verify_ssl": true
            }
        ]
    },
    "default": {
        "boto3": {
            "hashes": [
                "sha256:1c0003609e63e8cff51dee7a49e904bcdb20e140b5f7a10a03006289fd8c8dc1",
                "sha256:c919dac9773115025e1e2a7e462f60ca082e322bb6f4354247523e4226133b0b"
            ],
            "index": "pypi",
            "version": "==1.16.63"
        },
        "botocore": {
            "hashes": [
                "sha256:ad4adfcc195b5401d84b0c65d3a89e507c1d54c201879c8761ff10ef5c361e21",
                "sha256:d3694f6ef918def8082513e5ef309cd6cd83b612e9984e3a66e8adc98c650a92"
            ],
            "version": "==1.19.63"
        },
        "certifi": {
            "hashes": [
                "sha256:78884e7c1d4b00ce3cea67b44566851c4343c120abd683433ce934a68ea58872",
                "sha256:d62a0163eb4c2344ac042ab2bdf75399a71a2d8c7d47eac2e2ee91b9d6339569"
            ],
            "version": "==2021.10.8"
        },
        "cftime": {
            "hashes": [
                "sha256:048a3a81b52be3ea1e8ee3edb9b4012bc4343c0676cd840412ee750e1c1a75c7",
                "sha256:33366cb796048dc14a25d663eea0b1655dcad2437cc80efd5636fbda4cd06b1b",
                "sha256:3c0fef577869192f5ca9e5e91f6658ea9c78cf3f71ad3e138727be22cad7353f",
                "sha256:584005cde175c20fa110d056800617b62afd99ea71d1c26ce474bbfc76e4e36e",
                "sha256:60395cb6510903a0412dd5383122d471941a3f31db8645c9d691bc8aa8af899f",
                "sha256:6e60a4a6f876c4eeb98340bf6bdfccabb32f617d20dd0337aa0808522617f53f",
                "sha256:8ad4ce2113f17d7e7d75d73b8732b93c54b4dbe5c4e84dc8d8dd7dcd6dda9cf1",
                "sha256:8be61778a6c041f8be3dd3a771bcc31fd9e8bb52ea263e909223b162fb6ca38d",
                "sha256:8f50dda39bc4f859e698af82286922c62af3a5d40fdec3ad6193487f29a7ec3d",
                "sha256:9317e18460d63fdd22ccd14f18545613b0e83d1760e89256aa2da6ce49550b82",
                "sha256:a2261d158e7d6125071d9ad1668e99183deea30ce61f21f5c7b32bbabd6318ed",
                "sha256:c452bff788a64b72956a7d038e6f46b4bd3e8de6a84fa1601f9a20cbd6c2e4b6",
                "sha256:c4c512934aaf621169473f1a8d754b24d4550282f3687f23a0c41e7cfcc55730",
                "sha256:d454f2dd376a2b5334bca72559bd294cb638c470fd930b5b544541542b888414",
                "sha256:e61edcf3d6879a1435f66414c1abd48653271e9b6fd40e90f536eaef8e3d6cdf",
                "sha256:f95da5ec9bd6345caac178a49a1b452e0603314800c9fd2db8ad0274b7aca6b4"
            ],
            "index": "pypi",
            "version": "==1.1.2"
        },
        "charset-normalizer": {
            "hashes": [
                "sha256:2857e29ff0d34db842cd7ca3230549d1a697f96ee6d3fb071cfa6c7393832597",
                "sha256:6881edbebdb17b39b4eaaa821b438bf6eddffb4468cf344f09f89def34a8b1df"
            ],
            "markers": "python_version >= '3'",
            "version": "==2.0.12"
        },
        "cycler": {
            "hashes": [
                "sha256:3a27e95f763a428a739d2add979fa7494c912a32c17c4c38c4d5f082cad165a3",
                "sha256:9c87405839a19696e837b3b818fed3f5f69f16f1eec1a1ad77e043dcea9c772f"
            ],
            "markers": "python_version >= '3.6'",
            "version": "==0.11.0"
        },
        "descartes": {
            "hashes": [
                "sha256:135a502146af5ed6ff359975e2ebc5fa4b71b5432c355c2cafdc6dea1337035b",
                "sha256:4c62dc41109689d03e4b35de0a2bcbdeeb81047badc607c4415d5c753bd683af",
                "sha256:b7e412e7e6e294412f1d0f661f187babc970088c2456089e6801eebb043c2e1b"
            ],
            "version": "==1.1.0"
        },
        "ephem": {
            "hashes": [
                "sha256:029dff6d8212ea9c63a8e34d1e0e416833b6b1888642ee0b7c69eb983f55eda7",
                "sha256:02a0500965d624e0033f18e297afc80695f976d24eeb4f4c6c1c2edaae69d7df",
                "sha256:065e0a36886e4dd03e8f3ccda44112f24557838332e45ca7844dd03f5f95f393",
                "sha256:1066dd87d1d8a52cef8bed27c3135601d6124c5e9b25d989ab1f9f54461d674f",
                "sha256:1670ef5b538c5a011e0aed92f3f71ce21f973c097d21c3953e9da9ee6577f0b4",
                "sha256:1d5410a30977cc9c4b5d34b1fc9c450cfe3f0764c750fe8706276703ffb9faf4",
                "sha256:1d5e33e5dfbdcb3c185f2b138037ef54d4a258478704ca8206a82a41db6e41fe",
                "sha256:27fd1afa205b31fbfd3ed6618470b29738112b0bc07b330960ff95053446683e",
                "sha256:2d679fbbc87161a9d48f462f972ce58b39e46df6a1025f55462478e86098cc52",
                "sha256:32f534d418bd75d37fe9379508eef6bd58fdc4c6f5f8ccee8167a426c3dbae18",
                "sha256:375e486e45bbfe2fae98e063d1963bddfff05e160fb17191da61b6fb03e37516",
                "sha256:582ef4ffc52e9cb737291a4763aa28e3dfbad04d3713d88661311d8cfd9894c4",
                "sha256:65e5dad6f47932ebb1a0f91af67fa1d6ef4bdfa25035f978c6e33002607c62b9",
                "sha256:665485e788c7fc27d0885f8932346babe76d15def396179ead60ff7222b86165",
                "sha256:669a664e020eacffe244f053ebdb67a7c2a0bade0297a8d58f9494043126ccdc",
                "sha256:6732de67ea31d84ae091b1efb1a3c55eca6f0b9db2551f23e6fbe46cdb1340b0",
                "sha256:6dd2c480ec6193e5f13e182605b4a6aa2fc682b9d4b24c95b16eb8706b27d548",
                "sha256:6ddc93438de184b44397352fd204b6e08c264a70bf52862f1ae729a83f5b83cd",
                "sha256:7383a7e119eebce8e1153f7deff1ee0c764ef339b57e0efe9787b0a60a8bee46",
                "sha256:75736183d327da14afc99751bbdddc2bfa91b7f978f216f7ee7e404e8155903b",
                "sha256:7be194fba66d682ea7144b43b42ff936e1900c2b714afa3c9dd48f167be9ecc9",
                "sha256:86df088522ae40443649be14da0a584acc3c2e89676b523293437be9cf40908a",
                "sha256:8d7febea4305f9257c28fe002dba531d8ee0f136d0e681a03dd9449459ab4ccb",
                "sha256:a70b0b1d06256086422e2bb55fb8451bbd20c63144cba047cc174f4bb1035a61",
                "sha256:b33d79e92b9c5a5f4f65fe35b337ea743518307eb8cb6f41b77430673da35332",
                "sha256:be60729ca6569b1fbbdd34ad965f4d12aa739ce919b0b6182b0ac32c6fc2530a",
                "sha256:c67ada1549928228b885ffe7264bdcd99321e0eade410ce9d74018a6cd3cf422",
                "sha256:cc5fe92b349d072797d1297357a75f50daa662fca3c87fc0dcedb4edc5f39869",
                "sha256:cef85182ec6f724b961d48a609ac50b45aaafe0d6c4e988ad2a42856149e8280",
                "sha256:d03de73ebf6a91681d597eb5b5d43bcf6f0c67e292bba2f9a974734b4f15757e",
                "sha256:d21ec00ba43d7034dd51594339eab786930a6ae0569a4b168cbb20932be0671c",
                "sha256:dcd372ea57185ec12dc0bf9bc9fc57f00d8efd5291a742828731fb3840a789cb",
                "sha256:e10fc9715abcc924dfffcde8438a7e0afe574ee99afc945a729fa88739fc3289",
                "sha256:e1e4d92e04f187aaa1779f272778214b11f53456c0edbe29c7630a20fd5a29f0",
                "sha256:ea90124c1e23cc599757ddfbd34ecef7452b82d2205e1abdb5ad6880ae74942b",
                "sha256:ee47fcf845e94781672f84138e9d5b5f0ab3a9f46f8a63f6a49fddd9cb302cbc",
                "sha256:f1d9fec04e41a8b00e366ba9c2aece5a937cd36504173f6310e7aeb218c2fc2c",
                "sha256:f3461bdc9cbd986517379e16817a03ce2d579ab91f6b4dd9717e60a02a51a5ce",
                "sha256:f38cf6f3696ba3ea0829de0c1dcc2a729b45938b3fc22db4081858aae4bd5b92",
                "sha256:f5f76e5c65da92934946e76d093f68624645ba441102d7821a6d0f2d11ab655f",
                "sha256:fa2163ed6562521a261f42d8a07d2b50991511f3e0725b1f64c07889fc9414ab"
            ],
            "index": "pypi",
            "version": "==4.0.0.2"
        },
        "flake8": {
            "hashes": [
                "sha256:07528381786f2a6237b061f6e96610a4167b226cb926e2aa2b6b1d78057c576b",
                "sha256:bf8fd333346d844f616e8d47905ef3a3384edae6b4e9beb0c5101e25e3110907"
            ],
            "index": "pypi",
            "version": "==3.9.2"
        },
        "idna": {
            "hashes": [
                "sha256:84d9dd047ffa80596e0f246e2eab0b391788b0503584e8945f2368256d2735ff",
                "sha256:9d643ff0a55b762d5cdb124b8eaa99c66322e2157b69160bc32796e824360e6d"
            ],
            "markers": "python_version >= '3'",
            "version": "==3.3"
        },
        "jmespath": {
            "hashes": [
                "sha256:b85d0567b8666149a93172712e68920734333c0ce7e89b78b3e987f71e5ed4f9",
                "sha256:cdf6525904cc597730141d61b36f2e4b8ecc257c420fa2f4549bac2c2d0cb72f"
            ],
            "markers": "python_version >= '2.6' and python_version not in '3.0, 3.1, 3.2, 3.3'",
            "version": "==0.10.0"
        },
        "joblib": {
            "hashes": [
                "sha256:4158fcecd13733f8be669be0683b96ebdbbd38d23559f54dca7205aea1bf1e35",
                "sha256:f21f109b3c7ff9d95f8387f752d0d9c34a02aa2f7060c2135f465da0e5160ff6"
            ],
            "markers": "python_version >= '3.6'",
            "version": "==1.1.0"
        },
        "kiwisolver": {
            "hashes": [
                "sha256:0007840186bacfaa0aba4466d5890334ea5938e0bb7e28078a0eb0e63b5b59d5",
                "sha256:19554bd8d54cf41139f376753af1a644b63c9ca93f8f72009d50a2080f870f77",
                "sha256:1d45d1c74f88b9f41062716c727f78f2a59a5476ecbe74956fafb423c5c87a76",
                "sha256:1d819553730d3c2724582124aee8a03c846ec4362ded1034c16fb3ef309264e6",
                "sha256:2210f28778c7d2ee13f3c2a20a3a22db889e75f4ec13a21072eabb5693801e84",
                "sha256:22521219ca739654a296eea6d4367703558fba16f98688bd8ce65abff36eaa84",
                "sha256:25405f88a37c5f5bcba01c6e350086d65e7465fd1caaf986333d2a045045a223",
                "sha256:2b65bd35f3e06a47b5c30ea99e0c2b88f72c6476eedaf8cfbc8e66adb5479dcf",
                "sha256:2ddb500a2808c100e72c075cbb00bf32e62763c82b6a882d403f01a119e3f402",
                "sha256:2f8f6c8f4f1cff93ca5058d6ec5f0efda922ecb3f4c5fb76181f327decff98b8",
                "sha256:30fa008c172355c7768159983a7270cb23838c4d7db73d6c0f6b60dde0d432c6",
                "sha256:3dbb3cea20b4af4f49f84cffaf45dd5f88e8594d18568e0225e6ad9dec0e7967",
                "sha256:4116ba9a58109ed5e4cb315bdcbff9838f3159d099ba5259c7c7fb77f8537492",
                "sha256:44e6adf67577dbdfa2d9f06db9fbc5639afefdb5bf2b4dfec25c3a7fbc619536",
                "sha256:5326ddfacbe51abf9469fe668944bc2e399181a2158cb5d45e1d40856b2a0589",
                "sha256:70adc3658138bc77a36ce769f5f183169bc0a2906a4f61f09673f7181255ac9b",
                "sha256:72be6ebb4e92520b9726d7146bc9c9b277513a57a38efcf66db0620aec0097e0",
                "sha256:7843b1624d6ccca403a610d1277f7c28ad184c5aa88a1750c1a999754e65b439",
                "sha256:7ba5a1041480c6e0a8b11a9544d53562abc2d19220bfa14133e0cdd9967e97af",
                "sha256:80efd202108c3a4150e042b269f7c78643420cc232a0a771743bb96b742f838f",
                "sha256:82f49c5a79d3839bc8f38cb5f4bfc87e15f04cbafa5fbd12fb32c941cb529cfb",
                "sha256:83d2c9db5dfc537d0171e32de160461230eb14663299b7e6d18ca6dca21e4977",
                "sha256:8d93a1095f83e908fc253f2fb569c2711414c0bfd451cab580466465b235b470",
                "sha256:8dc3d842fa41a33fe83d9f5c66c0cc1f28756530cd89944b63b072281e852031",
                "sha256:9661a04ca3c950a8ac8c47f53cbc0b530bce1b52f516a1e87b7736fec24bfff0",
                "sha256:a498bcd005e8a3fedd0022bb30ee0ad92728154a8798b703f394484452550507",
                "sha256:a7a4cf5bbdc861987a7745aed7a536c6405256853c94abc9f3287c3fa401b174",
                "sha256:b5074fb09429f2b7bc82b6fb4be8645dcbac14e592128beeff5461dcde0af09f",
                "sha256:b6a5431940f28b6de123de42f0eb47b84a073ee3c3345dc109ad550a3307dd28",
                "sha256:ba677bcaff9429fd1bf01648ad0901cea56c0d068df383d5f5856d88221fe75b",
                "sha256:bcadb05c3d4794eb9eee1dddf1c24215c92fb7b55a80beae7a60530a91060560",
                "sha256:bf7eb45d14fc036514c09554bf983f2a72323254912ed0c3c8e697b62c4c158f",
                "sha256:c358721aebd40c243894298f685a19eb0491a5c3e0b923b9f887ef1193ddf829",
                "sha256:c4550a359c5157aaf8507e6820d98682872b9100ce7607f8aa070b4b8af6c298",
                "sha256:c6572c2dab23c86a14e82c245473d45b4c515314f1f859e92608dcafbd2f19b8",
                "sha256:cba430db673c29376135e695c6e2501c44c256a81495da849e85d1793ee975ad",
                "sha256:dedc71c8eb9c5096037766390172c34fb86ef048b8e8958b4e484b9e505d66bc",
                "sha256:e6f5eb2f53fac7d408a45fbcdeda7224b1cfff64919d0f95473420a931347ae9",
                "sha256:ec2eba188c1906b05b9b49ae55aae4efd8150c61ba450e6721f64620c50b59eb",
                "sha256:ee040a7de8d295dbd261ef2d6d3192f13e2b08ec4a954de34a6fb8ff6422e24c",
                "sha256:eedd3b59190885d1ebdf6c5e0ca56828beb1949b4dfe6e5d0256a461429ac386",
                "sha256:f441422bb313ab25de7b3dbfd388e790eceb76ce01a18199ec4944b369017009",
                "sha256:f8eb7b6716f5b50e9c06207a14172cf2de201e41912ebe732846c02c830455b9",
                "sha256:fc4453705b81d03568d5b808ad8f09c77c47534f6ac2e72e733f9ca4714aa75c"
            ],
            "markers": "python_version >= '3.7'",
            "version": "==1.3.2"
        },
        "matplotlib": {
            "hashes": [
                "sha256:1de0bb6cbfe460725f0e97b88daa8643bcf9571c18ba90bb8e41432aaeca91d6",
                "sha256:1e850163579a8936eede29fad41e202b25923a0a8d5ffd08ce50fc0a97dcdc93",
                "sha256:215e2a30a2090221a9481db58b770ce56b8ef46f13224ae33afe221b14b24dc1",
                "sha256:348e6032f666ffd151b323342f9278b16b95d4a75dfacae84a11d2829a7816ae",
                "sha256:3d2eb9c1cc254d0ffa90bc96fde4b6005d09c2228f99dfd493a4219c1af99644",
                "sha256:3e477db76c22929e4c6876c44f88d790aacdf3c3f8f3a90cb1975c0bf37825b0",
                "sha256:451cc89cb33d6652c509fc6b588dc51c41d7246afdcc29b8624e256b7663ed1f",
                "sha256:46b1a60a04e6d884f0250d5cc8dc7bd21a9a96c584a7acdaab44698a44710bab",
                "sha256:5f571b92a536206f7958f7cb2d367ff6c9a1fa8229dc35020006e4cdd1ca0acd",
                "sha256:672960dd114e342b7c610bf32fb99d14227f29919894388b41553217457ba7ef",
                "sha256:7310e353a4a35477c7f032409966920197d7df3e757c7624fd842f3eeb307d3d",
                "sha256:746a1df55749629e26af7f977ea426817ca9370ad1569436608dc48d1069b87c",
                "sha256:7c155437ae4fd366e2700e2716564d1787700687443de46bcb895fe0f84b761d",
                "sha256:9265ae0fb35e29f9b8cc86c2ab0a2e3dcddc4dd9de4b85bf26c0f63fe5c1c2ca",
                "sha256:94bdd1d55c20e764d8aea9d471d2ae7a7b2c84445e0fa463f02e20f9730783e1",
                "sha256:9a79e5dd7bb797aa611048f5b70588b23c5be05b63eefd8a0d152ac77c4243db",
                "sha256:a17f0a10604fac7627ec82820439e7db611722e80c408a726cd00d8c974c2fb3",
                "sha256:a1acb72f095f1d58ecc2538ed1b8bca0b57df313b13db36ed34b8cdf1868e674",
                "sha256:aa49571d8030ad0b9ac39708ee77bd2a22f87815e12bdee52ecaffece9313ed8",
                "sha256:c24c05f645aef776e8b8931cb81e0f1632d229b42b6d216e30836e2e145a2b40",
                "sha256:cf3a7e54eff792f0815dbbe9b85df2f13d739289c93d346925554f71d484be78",
                "sha256:d738acfdfb65da34c91acbdb56abed46803db39af259b7f194dc96920360dbe4",
                "sha256:e15fa23d844d54e7b3b7243afd53b7567ee71c721f592deb0727ee85e668f96a",
                "sha256:ed4a9e6dcacba56b17a0a9ac22ae2c72a35b7f0ef0693aa68574f0b2df607a89",
                "sha256:f44149a0ef5b4991aaef12a93b8e8d66d6412e762745fea1faa61d98524e0ba9"
            ],
            "index": "pypi",
            "version": "==3.3.4"
        },
        "mccabe": {
            "hashes": [
                "sha256:ab8a6258860da4b6677da4bd2fe5dc2c659cff31b3ee4f7f5d64e79735b80d42",
                "sha256:dd8d182285a0fe56bace7f45b5e7d1a6ebcbf524e8f3bd87eb0f125271b8831f"
            ],
            "version": "==0.6.1"
        },
        "mizani": {
            "hashes": [
                "sha256:7f95d713e2bd28d51919e065d3453d470a654a0a219a7f777f8e9b6ed6e6ed35",
                "sha256:f521300bd29ca918fcd629bc8ab50fa04e41bdbe00f6bcf74055d3c6273770a4"
            ],
            "markers": "python_version >= '3.6'",
            "version": "==0.7.3"
        },
        "netcdf4": {
            "hashes": [
                "sha256:01fcd8a7eb9cd711f94ab2422a41f4fb984d7884c7761ad1394bda114f4598dc",
                "sha256:1a1f4c660e245c25f4ddde596f2b8e605d31ed843bccb3edf427e95b52460292",
                "sha256:22f2339b6bf3b3a8ede541b250027609bb82316c807fc455658c1625fb93339a",
                "sha256:2a3ca855848f4bbf07fac366da77a681fcead18c0a8813d91d46302f562dc3be",
                "sha256:2acb00d49924c6f7333644e63395b9baacc004d5b9d91a336ce48087cf777aea",
                "sha256:2df13ecf8f020ee7dbdc776631cf39541c1d8adb0b4531729edc024230e2c66a",
                "sha256:387500a82e6f1d6a8bb8c59bb04c29c5c889a2096598b94bd5445dfe4f3d5bc8",
                "sha256:43fd12e87661a503802bc2e439f6f0771e81c61084a31a85baf60a27c33710ce",
                "sha256:52d6907e9bbf60a2dd9ff5abe83ce0e3d105535efdc83cda51bba9c277560c52",
                "sha256:561a36c0913a859254048f4ddfa94670ef46e3d4dc35b54d4cc4ec26e36e7870",
                "sha256:630347ad5a6e69ef8328de9cdd551dc8938365cff9645ce984760d2567853968",
                "sha256:654236cb5ef0f717851e0174ba828bd39d2d24a35ed5f512712ffd5a74f68048",
                "sha256:66802ada8cd691a77087777b9a3d7aea7eeeefce5b731f3f064c245289de743e",
                "sha256:673fa90736017daf498d2521bd1670e9024bef87b97e2d45f189ce1b6a532a7d",
                "sha256:84aa1cc83b667b75348638b14470fcdc0a7d3ca575b340e2544d6bd2d5f60da1",
                "sha256:86eb62fe4adf89e482fbf9f81b1cca3232ce460747bf8161ef2dcbb64eb27a1d",
                "sha256:8a1efeed664325f66870e99bbbef5e85676a259a00507dbeda023c0ec45ddc7f",
                "sha256:9305604521e2d504156bb1fb6379314bc04b611021f7f713dc41b1caf701f1d9",
                "sha256:99a00b91222af2b281689572263c3bad9d5a2c523abd769f9d5d4de82fec1a37",
                "sha256:9aa2cce186f2febe1c67b1e2aa973de8d264a27c91b3e77770649a5f9a6f094e",
                "sha256:b2e6af17a76ee8b9f8086b2d9d945032a5c08cedd9cf49ae1589530f2ebec9e3",
                "sha256:bae4419c950047fe1b748d83ab0216b314f245bb7042448eae89b0f2c53f1b01",
                "sha256:baf112ba8fef6ae69d8e84a48c970d669b9751f6fda485be473b9ff6d819bf90",
                "sha256:bcc321f975045883e08c3dbad5f609adcb041df77c421518d36a0d253a6e3779",
                "sha256:be25ba5b86c3548e72733964016fd04300e52add80e327026eca4315b34ad1df",
                "sha256:c93a4a0429e666bc2641c1a84af3381e5689b7afb5eac4154b90b1e490d7f3c8",
                "sha256:c98ceae290e87c0b2d4828f2bec8100fda6d15b71bf03b0f0a182a220939d860",
                "sha256:c9ff82a07db6fb97800b329fa84f85031f403e98127c919eea95881a495b4281",
                "sha256:cc9ce70a6323a7f0a5e94fdd7b149a49dc93586f73ee872778b7cab2efa80a96",
                "sha256:dbb1cf68d66b4f692ecdc6921990e0553fae9baf5bbb67086c1f9f8917367d5a",
                "sha256:f73988fb8e4b688e3945c1584f0f45ce3d96a95e2bcbd53ed73eb0611d7cb294"
            ],
            "index": "pypi",
            "version": "==1.5.3"
        },
        "numpy": {
            "hashes": [
                "sha256:1676b0a292dd3c99e49305a16d7a9f42a4ab60ec522eac0d3dd20cdf362ac010",
                "sha256:16f221035e8bd19b9dc9a57159e38d2dd060b48e93e1d843c49cb370b0f415fd",
                "sha256:43909c8bb289c382170e0282158a38cf306a8ad2ff6dfadc447e90f9961bef43",
                "sha256:4e465afc3b96dbc80cf4a5273e5e2b1e3451286361b4af70ce1adb2984d392f9",
                "sha256:55b745fca0a5ab738647d0e4db099bd0a23279c32b31a783ad2ccea729e632df",
                "sha256:5d050e1e4bc9ddb8656d7b4f414557720ddcca23a5b88dd7cff65e847864c400",
                "sha256:637d827248f447e63585ca3f4a7d2dfaa882e094df6cfa177cc9cf9cd6cdf6d2",
                "sha256:6690080810f77485667bfbff4f69d717c3be25e5b11bb2073e76bb3f578d99b4",
                "sha256:66fbc6fed94a13b9801fb70b96ff30605ab0a123e775a5e7a26938b717c5d71a",
                "sha256:67d44acb72c31a97a3d5d33d103ab06d8ac20770e1c5ad81bdb3f0c086a56cf6",
                "sha256:6ca2b85a5997dabc38301a22ee43c82adcb53ff660b89ee88dded6b33687e1d8",
                "sha256:6e51534e78d14b4a009a062641f465cfaba4fdcb046c3ac0b1f61dd97c861b1b",
                "sha256:70eb5808127284c4e5c9e836208e09d685a7978b6a216db85960b1a112eeace8",
                "sha256:830b044f4e64a76ba71448fce6e604c0fc47a0e54d8f6467be23749ac2cbd2fb",
                "sha256:8b7bb4b9280da3b2856cb1fc425932f46fba609819ee1c62256f61799e6a51d2",
                "sha256:a9c65473ebc342715cb2d7926ff1e202c26376c0dcaaee85a1fd4b8d8c1d3b2f",
                "sha256:c1c09247ccea742525bdb5f4b5ceeacb34f95731647fe55774aa36557dbb5fa4",
                "sha256:c5bf0e132acf7557fc9bb8ded8b53bbbbea8892f3c9a1738205878ca9434206a",
                "sha256:db250fd3e90117e0312b611574cd1b3f78bec046783195075cbd7ba9c3d73f16",
                "sha256:e515c9a93aebe27166ec9593411c58494fa98e5fcc219e47260d9ab8a1cc7f9f",
                "sha256:e55185e51b18d788e49fe8305fd73ef4470596b33fc2c1ceb304566b99c71a69",
                "sha256:ea9cff01e75a956dbee133fa8e5b68f2f92175233de2f88de3a682dd94deda65",
                "sha256:f1452578d0516283c87608a5a5548b0cdde15b99650efdfd85182102ef7a7c17",
                "sha256:f39a995e47cb8649673cfa0579fbdd1cdd33ea497d1728a6cb194d6252268e48"
            ],
            "index": "pypi",
            "version": "==1.20.3"
        },
        "orbit-predictor": {
            "hashes": [
                "sha256:9be5c1e780664d7e5b57ec461f98c09dd2a48fa3fcb58fdfa0aa629300622215",
                "sha256:b4b01f1983c8798b2af4b8df961dc106db8b270315dbcf4160526c0ff1d8b12a"
            ],
            "index": "pypi",
            "version": "==1.14.2"
        },
        "packaging": {
            "hashes": [
                "sha256:dd47c42927d89ab911e606518907cc2d3a1f38bbd026385970643f9c5b8ecfeb",
                "sha256:ef103e05f519cdc783ae24ea4e2e0f508a9c99b2d4969652eed6a2e1ea5bd522"
            ],
            "markers": "python_version >= '3.6'",
            "version": "==21.3"
        },
        "palettable": {
            "hashes": [
                "sha256:72feca71cf7d79830cd6d9181b02edf227b867d503bec953cf9fa91bf44896bd",
                "sha256:c3bf3f548fc228e86bd3d16928bbf8d621c1d1098791ceab446d0e3a5e1298d1"
            ],
            "version": "==3.3.0"
        },
        "pandas": {
            "hashes": [
                "sha256:050ed2c9d825ef36738e018454e6d055c63d947c1d52010fbadd7584f09df5db",
                "sha256:055647e7f4c5e66ba92c2a7dcae6c2c57898b605a3fb007745df61cc4015937f",
                "sha256:23ac77a3a222d9304cb2a7934bb7b4805ff43d513add7a42d1a22dc7df14edd2",
                "sha256:2de012a36cc507debd9c3351b4d757f828d5a784a5fc4e6766eafc2b56e4b0f5",
                "sha256:30e9e8bc8c5c17c03d943e8d6f778313efff59e413b8dbdd8214c2ed9aa165f6",
                "sha256:324e60bea729cf3b55c1bf9e88fe8b9932c26f8669d13b928e3c96b3a1453dff",
                "sha256:37443199f451f8badfe0add666e43cdb817c59fa36bceedafd9c543a42f236ca",
                "sha256:47ec0808a8357ab3890ce0eca39a63f79dcf941e2e7f494470fe1c9ec43f6091",
                "sha256:496fcc29321e9a804d56d5aa5d7ec1320edfd1898eee2f451aa70171cf1d5a29",
                "sha256:50e6c0a17ef7f831b5565fd0394dbf9bfd5d615ee4dd4bb60a3d8c9d2e872323",
                "sha256:5527c5475d955c0bc9689c56865aaa2a7b13c504d6c44f0aadbf57b565af5ebd",
                "sha256:57d5c7ac62925a8d2ab43ea442b297a56cc8452015e71e24f4aa7e4ed6be3d77",
                "sha256:9d45f58b03af1fea4b48e44aa38a819a33dccb9821ef9e1d68f529995f8a632f",
                "sha256:b26e2dabda73d347c7af3e6fed58483161c7b87a886a4e06d76ccfe55a044aa9",
                "sha256:cfd237865d878da9b65cfee883da5e0067f5e2ff839e459466fb90565a77bda3",
                "sha256:d7cca42dba13bfee369e2944ae31f6549a55831cba3117e17636955176004088",
                "sha256:fe7de6fed43e7d086e3d947651ec89e55ddf00102f9dd5758763d56d182f0564"
            ],
            "index": "pypi",
            "version": "==1.2.1"
        },
        "patsy": {
            "hashes": [
                "sha256:5053de7804676aba62783dbb0f23a2b3d74e35e5bfa238b88b7cbf148a38b69d",
                "sha256:cc80955ae8c13a7e7c4051eda7b277c8f909f50bc7d73e124bc38e2ee3d95041"
            ],
            "version": "==0.5.2"
        },
        "pillow": {
            "hashes": [
                "sha256:011233e0c42a4a7836498e98c1acf5e744c96a67dd5032a6f666cc1fb97eab97",
                "sha256:0f29d831e2151e0b7b39981756d201f7108d3d215896212ffe2e992d06bfe049",
                "sha256:12875d118f21cf35604176872447cdb57b07126750a33748bac15e77f90f1f9c",
                "sha256:14d4b1341ac07ae07eb2cc682f459bec932a380c3b122f5540432d8977e64eae",
                "sha256:1c3c33ac69cf059bbb9d1a71eeaba76781b450bc307e2291f8a4764d779a6b28",
                "sha256:1d19397351f73a88904ad1aee421e800fe4bbcd1aeee6435fb62d0a05ccd1030",
                "sha256:253e8a302a96df6927310a9d44e6103055e8fb96a6822f8b7f514bb7ef77de56",
                "sha256:2632d0f846b7c7600edf53c48f8f9f1e13e62f66a6dbc15191029d950bfed976",
                "sha256:335ace1a22325395c4ea88e00ba3dc89ca029bd66bd5a3c382d53e44f0ccd77e",
                "sha256:413ce0bbf9fc6278b2d63309dfeefe452835e1c78398efb431bab0672fe9274e",
                "sha256:5100b45a4638e3c00e4d2320d3193bdabb2d75e79793af7c3eb139e4f569f16f",
                "sha256:514ceac913076feefbeaf89771fd6febde78b0c4c1b23aaeab082c41c694e81b",
                "sha256:528a2a692c65dd5cafc130de286030af251d2ee0483a5bf50c9348aefe834e8a",
                "sha256:6295f6763749b89c994fcb6d8a7f7ce03c3992e695f89f00b741b4580b199b7e",
                "sha256:6c8bc8238a7dfdaf7a75f5ec5a663f4173f8c367e5a39f87e720495e1eed75fa",
                "sha256:718856856ba31f14f13ba885ff13874be7fefc53984d2832458f12c38205f7f7",
                "sha256:7f7609a718b177bf171ac93cea9fd2ddc0e03e84d8fa4e887bdfc39671d46b00",
                "sha256:80ca33961ced9c63358056bd08403ff866512038883e74f3a4bf88ad3eb66838",
                "sha256:80fe64a6deb6fcfdf7b8386f2cf216d329be6f2781f7d90304351811fb591360",
                "sha256:81c4b81611e3a3cb30e59b0cf05b888c675f97e3adb2c8672c3154047980726b",
                "sha256:855c583f268edde09474b081e3ddcd5cf3b20c12f26e0d434e1386cc5d318e7a",
                "sha256:9bfdb82cdfeccec50aad441afc332faf8606dfa5e8efd18a6692b5d6e79f00fd",
                "sha256:a5d24e1d674dd9d72c66ad3ea9131322819ff86250b30dc5821cbafcfa0b96b4",
                "sha256:a9f44cd7e162ac6191491d7249cceb02b8116b0f7e847ee33f739d7cb1ea1f70",
                "sha256:b5b3f092fe345c03bca1e0b687dfbb39364b21ebb8ba90e3fa707374b7915204",
                "sha256:b9618823bd237c0d2575283f2939655f54d51b4527ec3972907a927acbcc5bfc",
                "sha256:cef9c85ccbe9bee00909758936ea841ef12035296c748aaceee535969e27d31b",
                "sha256:d21237d0cd37acded35154e29aec853e945950321dd2ffd1a7d86fe686814669",
                "sha256:d3c5c79ab7dfce6d88f1ba639b77e77a17ea33a01b07b99840d6ed08031cb2a7",
                "sha256:d9d7942b624b04b895cb95af03a23407f17646815495ce4547f0e60e0b06f58e",
                "sha256:db6d9fac65bd08cea7f3540b899977c6dee9edad959fa4eaf305940d9cbd861c",
                "sha256:ede5af4a2702444a832a800b8eb7f0a7a1c0eed55b644642e049c98d589e5092",
                "sha256:effb7749713d5317478bb3acb3f81d9d7c7f86726d41c1facca068a04cf5bb4c",
                "sha256:f154d173286a5d1863637a7dcd8c3437bb557520b01bddb0be0258dcb72696b5",
                "sha256:f25ed6e28ddf50de7e7ea99d7a976d6a9c415f03adcaac9c41ff6ff41b6d86ac"
            ],
            "markers": "python_version >= '3.7'",
            "version": "==9.0.1"
        },
        "plotnine": {
            "hashes": [
                "sha256:02f2b0435dae2e917198c5367fd97b010445d64d9888c6b7e755d3cdfe7ad057",
                "sha256:f078cd5d76bff885d43be4381e042510ce75a0d202f0071d7230057e15a8f906"
            ],
            "index": "pypi",
            "version": "==0.7.1"
        },
        "pycodestyle": {
            "hashes": [
                "sha256:514f76d918fcc0b55c6680472f0a37970994e07bbb80725808c17089be302068",
                "sha256:c389c1d06bf7904078ca03399a4816f974a1d590090fecea0c63ec26ebaf1cef"
            ],
            "markers": "python_version >= '2.7' and python_version not in '3.0, 3.1, 3.2, 3.3'",
            "version": "==2.7.0"
        },
        "pyflakes": {
            "hashes": [
                "sha256:7893783d01b8a89811dd72d7dfd4d84ff098e5eed95cfa8905b22bbffe52efc3",
                "sha256:f5bc8ecabc05bb9d291eb5203d6810b49040f6ff446a756326104746cc00c1db"
            ],
            "markers": "python_version >= '2.7' and python_version not in '3.0, 3.1, 3.2, 3.3'",
            "version": "==2.3.1"
        },
        "pyparsing": {
            "hashes": [
                "sha256:18ee9022775d270c55187733956460083db60b37d0d0fb357445f3094eed3eea",
                "sha256:a6c06a88f252e6c322f65faf8f418b16213b51bdfaece0524c1c1bc30c63c484"
            ],
            "markers": "python_version >= '3.6'",
            "version": "==3.0.7"
        },
        "pyproj": {
            "hashes": [
                "sha256:11553895789640149f908a8e077cca67ae2535df071cc2f6d3b0ebcbf8adf02e",
                "sha256:14865a582a5872ff64a90fa607a1554109d4440268050ca077be7e5d7642543d",
                "sha256:166fce0649b40042f2ac2e5b6e13ac35be2b494681b9ed20a74f99ab59fd9fa2",
                "sha256:3c64f3ecd3126b57dd21d2c51fbb2ba68d3120d63b6c07f9ca547d51aef8a783",
                "sha256:4a3435e3fb51614e22f8fd57322693834b88b19685ff761d22c36be5ca836a59",
                "sha256:52556f245f1112f121091937b47738d1fbcbd0f13be6fb32689de31ab0975d24",
                "sha256:6da8fd4a09fc77f2750c63851bd8cd8cf4d1876573033ec6c44d29f5b4b3cea1",
                "sha256:794be2206253a324f31caab8dd12c5de36119b5784a36cde30d0902cb78a7bb2",
                "sha256:7e46989a0a27e700fdc011b65e058ac7d117f4a756b5a5ec9c27386fa91b47b5",
                "sha256:925cf84980c032d2aff2c9fb78dd909b0b35d7f217c16c39a52c6b0678d5e7eb",
                "sha256:9692d2a6b373cdb2741da23afaaf7947c4ff3b5a9e2b9d8ffeaa52eebe09bfff",
                "sha256:9a36ba27000783d14b7b4d5c393f014cf77482168c8d31c2bb27e065b46ae56e",
                "sha256:9c0d9a2888837d001444f9165180d5e1812954a31b03d3d716d49adb6c70b70f",
                "sha256:aac668630b359d5df0bb6bd4474758088e2fd28aec0320e827f4fa4ad6ba6902",
                "sha256:b4704d43fe7f7ebeffdd7bea61b361cd1c9ed6a7178b9b7b7477c56271f60e15",
                "sha256:c4f3eb92c33d0f77d109b2f38cdb8e092d122484ffabf14e295cdde9e6536b0b",
                "sha256:e7d08ee78d32cfa4507c1d458a9fd5cf2e8a60e3fd8b9fe9fc2f3847b1021635"
            ],
            "index": "pypi",
            "version": "==2.6.1"
        },
        "python-dateutil": {
            "hashes": [
                "sha256:0123cacc1627ae19ddf3c27a5de5bd67ee4586fbdd6440d9748f8abb483d3e86",
                "sha256:961d03dc3453ebbc59dbdea9e4e11c5651520a876d0f4db161e8674aae935da9"
            ],
            "markers": "python_version >= '2.7' and python_version not in '3.0, 3.1, 3.2, 3.3'",
            "version": "==2.8.2"
        },
        "pytz": {
            "hashes": [
                "sha256:3672058bc3453457b622aab7a1c3bfd5ab0bdae451512f6cf25f64ed37f5b87c",
                "sha256:acad2d8b20a1af07d4e4c9d2e9285c5ed9104354062f275f3fcd88dcef4f1326"
            ],
            "version": "==2021.3"
        },
        "pyyaml": {
            "hashes": [
                "sha256:08682f6b72c722394747bddaf0aa62277e02557c0fd1c42cb853016a38f8dedf",
                "sha256:0f5f5786c0e09baddcd8b4b45f20a7b5d61a7e7e99846e3c799b05c7c53fa696",
                "sha256:129def1b7c1bf22faffd67b8f3724645203b79d8f4cc81f674654d9902cb4393",
                "sha256:294db365efa064d00b8d1ef65d8ea2c3426ac366c0c4368d930bf1c5fb497f77",
                "sha256:3b2b1824fe7112845700f815ff6a489360226a5609b96ec2190a45e62a9fc922",
                "sha256:3bd0e463264cf257d1ffd2e40223b197271046d09dadf73a0fe82b9c1fc385a5",
                "sha256:4465124ef1b18d9ace298060f4eccc64b0850899ac4ac53294547536533800c8",
                "sha256:49d4cdd9065b9b6e206d0595fee27a96b5dd22618e7520c33204a4a3239d5b10",
                "sha256:4e0583d24c881e14342eaf4ec5fbc97f934b999a6828693a99157fde912540cc",
                "sha256:5accb17103e43963b80e6f837831f38d314a0495500067cb25afab2e8d7a4018",
                "sha256:607774cbba28732bfa802b54baa7484215f530991055bb562efbed5b2f20a45e",
                "sha256:6c78645d400265a062508ae399b60b8c167bf003db364ecb26dcab2bda048253",
                "sha256:72a01f726a9c7851ca9bfad6fd09ca4e090a023c00945ea05ba1638c09dc3347",
                "sha256:74c1485f7707cf707a7aef42ef6322b8f97921bd89be2ab6317fd782c2d53183",
                "sha256:895f61ef02e8fed38159bb70f7e100e00f471eae2bc838cd0f4ebb21e28f8541",
                "sha256:8c1be557ee92a20f184922c7b6424e8ab6691788e6d86137c5d93c1a6ec1b8fb",
                "sha256:bb4191dfc9306777bc594117aee052446b3fa88737cd13b7188d0e7aa8162185",
                "sha256:bfb51918d4ff3d77c1c856a9699f8492c612cde32fd3bcd344af9be34999bfdc",
                "sha256:c20cfa2d49991c8b4147af39859b167664f2ad4561704ee74c1de03318e898db",
                "sha256:cb333c16912324fd5f769fff6bc5de372e9e7a202247b48870bc251ed40239aa",
                "sha256:d2d9808ea7b4af864f35ea216be506ecec180628aced0704e34aca0b040ffe46",
                "sha256:d483ad4e639292c90170eb6f7783ad19490e7a8defb3e46f97dfe4bacae89122",
                "sha256:dd5de0646207f053eb0d6c74ae45ba98c3395a571a2891858e87df7c9b9bd51b",
                "sha256:e1d4970ea66be07ae37a3c2e48b5ec63f7ba6804bdddfdbd3cfd954d25a82e63",
                "sha256:e4fac90784481d221a8e4b1162afa7c47ed953be40d31ab4629ae917510051df",
                "sha256:fa5ae20527d8e831e8230cbffd9f8fe952815b2b7dae6ffec25318803a7528fc",
                "sha256:fd7f6999a8070df521b6384004ef42833b9bd62cfee11a09bda1079b4b704247",
                "sha256:fdc842473cd33f45ff6bce46aea678a54e3d21f1b61a7750ce3c498eedfe25d6",
                "sha256:fe69978f3f768926cfa37b867e3843918e012cf83f680806599ddce33c2c68b0"
            ],
            "index": "pypi",
            "version": "==5.4.1"
        },
        "requests": {
            "hashes": [
                "sha256:68d7c56fd5a8999887728ef304a6d12edc7be74f1cfa47714fc8b414525c9a61",
                "sha256:f22fa1e554c9ddfd16e6e41ac79759e17be9e492b3587efa038054674760e72d"
            ],
            "markers": "python_version >= '2.7' and python_version not in '3.0, 3.1, 3.2, 3.3, 3.4, 3.5'",
            "version": "==2.27.1"
        },
        "s3transfer": {
            "hashes": [
                "sha256:35627b86af8ff97e7ac27975fe0a98a312814b46c6333d8a6b889627bcd80994",
                "sha256:efa5bd92a897b6a8d5c1383828dca3d52d0790e0756d49740563a3fb6ed03246"
            ],
            "version": "==0.3.7"
        },
        "scikit-learn": {
            "hashes": [
                "sha256:038f4e9d6ef10e1f3fe82addc3a14735c299866eb10f2c77c090410904828312",
                "sha256:06ffdcaaf81e2a3b1b50c3ac6842cfb13df2d8b737d61f64643ed61da7389cde",
                "sha256:0e71ce9c7cbc20f6f8b860107ce15114da26e8675238b4b82b7e7cd37ca0c087",
                "sha256:1eec963fe9ffc827442c2e9333227c4d49749a44e592f305398c1db5c1563393",
                "sha256:2754c85b2287333f9719db7f23fb7e357f436deed512db3417a02bf6f2830aa5",
                "sha256:2db429090b98045d71218a9ba913cc9b3fe78e0ba0b6b647d8748bc6d5a44080",
                "sha256:39b7e3b71bcb1fe46397185d6c1a5db1c441e71c23c91a31e7ad8cc3f7305f9a",
                "sha256:3cbd734e1aefc7c5080e6b6973fe062f97c26a1cdf1a991037ca196ce1c8f427",
                "sha256:40556bea1ef26ef54bc678d00cf138a63069144a0b5f3a436eecd8f3468b903e",
                "sha256:48f273836e19901ba2beecd919f7b352f09310ce67c762f6e53bc6b81cacf1f0",
                "sha256:49ec0b1361da328da9bb7f1a162836028e72556356adeb53342f8fae6b450d47",
                "sha256:4e6198675a6f9d333774671bd536668680eea78e2e81c0b19e57224f58d17f37",
                "sha256:5beaeb091071625e83f5905192d8aecde65ba2f26f8b6719845bbf586f7a04a1",
                "sha256:5ff3e4e4cf7592d36541edec434e09fb8ab9ba6b47608c4ffe30c9038d301897",
                "sha256:62214d2954377fcf3f31ec867dd4e436df80121e7a32947a0b3244f58f45e455",
                "sha256:7be1b88c23cfac46e06404582215a917017cd2edaa2e4d40abe6aaff5458f24b",
                "sha256:8fac72b9688176922f9f54fda1ba5f7ffd28cbeb9aad282760186e8ceba9139a",
                "sha256:90a297330f608adeb4d2e9786c6fda395d3150739deb3d42a86d9a4c2d15bc1d",
                "sha256:a2a47449093dcf70babc930beba2ca0423cb7df2fa5fd76be5260703d67fa574",
                "sha256:ae19ac105cf7ce8c205a46166992fdec88081d6e783ab6e38ecfbe45729f3c39",
                "sha256:ae426e3a52842c6b6d77d00f906b6031c8c2cfdfabd6af7511bb4bc9a68d720e",
                "sha256:cbdb0b3db99dd1d5f69d31b4234367d55475add31df4d84a3bd690ef017b55e2",
                "sha256:cdf24c1b9bbeb4936456b42ac5bd32c60bb194a344951acb6bfb0cddee5439a4",
                "sha256:d14701a12417930392cd3898e9646cf5670c190b933625ebe7511b1f7d7b8736",
                "sha256:d177fe1ff47cc235942d628d41ee5b1c6930d8f009f1a451c39b5411e8d0d4cf",
                "sha256:d5bf9c863ba4717b3917b5227463ee06860fc43931dc9026747de416c0a10fee",
                "sha256:dd968a174aa82f3341a615a033fa6a8169e9320cbb46130686562db132d7f1f0",
                "sha256:f0ed4483c258fb23150e31b91ea7d25ff8495dba108aea0b0d4206a777705350",
                "sha256:f18c3ed484eeeaa43a0d45dc2efb4d00fc6542ccdcfa2c45d7b635096a2ae534",
                "sha256:f1d2108e770907540b5248977e4cff9ffaf0f73d0d13445ee938df06ca7579c6",
                "sha256:f3ec00f023d84526381ad0c0f2cff982852d035c921bbf8ceb994f4886c00c64",
                "sha256:f74429a07fedb36a03c159332b914e6de757176064f9fed94b5f79ebac07d913",
                "sha256:fec42690a2eb646b384eafb021c425fab48991587edb412d4db77acc358b27ce"
            ],
            "index": "pypi",
            "version": "==0.24.2"
        },
        "scipy": {
            "hashes": [
                "sha256:01b38dec7e9f897d4db04f8de4e20f0f5be3feac98468188a0f47a991b796055",
                "sha256:10dbcc7de03b8d635a1031cb18fd3eaa997969b64fdf78f99f19ac163a825445",
                "sha256:19aeac1ad3e57338723f4657ac8520f41714804568f2e30bd547d684d72c392e",
                "sha256:1b21c6e0dc97b1762590b70dee0daddb291271be0580384d39f02c480b78290a",
                "sha256:1caade0ede6967cc675e235c41451f9fb89ae34319ddf4740194094ab736b88d",
                "sha256:23995dfcf269ec3735e5a8c80cfceaf384369a47699df111a6246b83a55da582",
                "sha256:2a799714bf1f791fb2650d73222b248d18d53fd40d6af2df2c898db048189606",
                "sha256:3274ce145b5dc416c49c0cf8b6119f787f0965cd35e22058fe1932c09fe15d77",
                "sha256:33d1677d46111cfa1c84b87472a0274dde9ef4a7ef2e1f155f012f5f1e995d8f",
                "sha256:44d452850f77e65e25b1eb1ac01e25770323a782bfe3a1a3e43847ad4266d93d",
                "sha256:9e3302149a369697c6aaea18b430b216e3c88f9a61b62869f6104881e5f9ef85",
                "sha256:a75b014d3294fce26852a9d04ea27b5671d86736beb34acdfc05859246260707",
                "sha256:ad7269254de06743fb4768f658753de47d8b54e4672c5ebe8612a007a088bd48",
                "sha256:b30280fbc1fd8082ac822994a98632111810311a9ece71a0e48f739df3c555a2",
                "sha256:b79104878003487e2b4639a20b9092b02e1bad07fc4cf924b495cf413748a777",
                "sha256:d449d40e830366b4c612692ad19fbebb722b6b847f78a7b701b1e0d6cda3cc13",
                "sha256:d647757373985207af3343301d89fe738d5a294435a4f2aafb04c13b4388c896",
                "sha256:f68eb46b86b2c246af99fcaa6f6e37c7a7a413e1084a794990b877f2ff71f7b6",
                "sha256:fdf606341cd798530b05705c87779606fcdfaf768a8129c348ea94441da15b04"
            ],
            "index": "pypi",
            "version": "==1.6.3"
        },
        "sgp4": {
            "hashes": [
                "sha256:05f22b4fd91861ee2e0e03a528c1aef11a8b263a60ab5f723d32cdb65dac3eaa",
                "sha256:06586caf071e3427bc4e5a5c84a806045532040dc2c35ca0ff12f34cab2ecb5c",
                "sha256:1af727dfe02ef32babd124644e96b8cc109b22142efb44e37d0e3aaf4c38a1ab",
                "sha256:1d3b5abc07266203f4b453e7c1ca8403ef2d7b8d1779c14c9a4177e4b1558ba5",
                "sha256:24477da85936b864fd765911f808a4d113c81189c2a0ecd5992bcdf9aecbf5ef",
                "sha256:2a89fc1debacfa10cf55ae1d40472037a57687b1ae3b66e7196e5af53fb96a56",
                "sha256:2b449e6cab15748608c6083f86b0059d26093f76fa227010df09d8f0954b3bbd",
                "sha256:3e3eb29c308d30d010316832606af184d243d5aab8ccc5d589f3cb85d74471f7",
                "sha256:43c2c6d464144bb80987b2e66f3992add58c65e095abe2b9d567650fdb877a9d",
                "sha256:4d5eb2aff4f645f5020ac869ec453dcd807836b3eb8b459d569eda40c358cd76",
                "sha256:642bae76c6e55b72feda3c5ca3721e837f2702816a120805349b06e40f85faea",
                "sha256:67f99f534fdc5650d8efe516e77dd9b43e4cb8ab9b38f2b66484085c0ff75077",
                "sha256:6c906973dc2966cba8065f359c3eaa18505280be8f625b54ebb98f5ddeb8d205",
                "sha256:7d848698ae2bf5bb9ea2082640b0417175a6b2e6e8d580114ebe04265cd1bfb4",
                "sha256:80f9b2f1c2ac53c7b8cbf1a08e5a39a56c1b7c18d3e0de922078758a784b0b20",
                "sha256:876b82d41a859c9ff65d3bdb7f6a3cecfc63bea529b4dc751b06eefbd6c3f1e0",
                "sha256:8c2f4f99ab360a93768bf88ad6a9fdf83edfa6292e0a0ac8924c85fde11b2055",
                "sha256:9fde328872f484eb644dabe32122ba617570ff61b548b7200a9d63629ac3097c",
                "sha256:b2169cd536355fc67e3870acea34c4fc22b2ccecab2c0bf45a01edfe646fe3d0",
                "sha256:cf4d5ac32b5e84c7b420109a09ea3c3741844fa92776f79d1c852cc67e2c1364",
                "sha256:d42a3dcdfd394c5059b99bbf8b35311e03e87d21fbfb6ba2d5c5d2dfad15d4d7",
                "sha256:dbfffe1ff2c223804e2ebdeb568baad46f40342943c4a74169fd75dc5dddda57",
                "sha256:dfc5214b65ad8229c499f0da3f5042a18239f12f4318e90d892a79dcbf27282f",
                "sha256:e73680b3b7b8b977766ae91eadd92988a0c3e36248dcac5d8263a957bec34a04",
                "sha256:e8ecc01fdffe81f11ca94bb255024379e62c92f73e2baec2bdf5a3c3108221ff",
                "sha256:ea37423d4317ec5351a4e3b6a3947a6053978e5290549d77ba375459527f7ccb",
                "sha256:ee329571c1a25ce4f1e2b01d6f923791d16c5a7a3a75219317073bc50a7d25fe",
                "sha256:ee3688ae409a201107927b24be10db2a61efdd5a919737b4900c57ee8b3a22d6",
                "sha256:f5d2830f2896cecc4af0729cd328994ae823f277f481d4fc992383eb79f3742a"
            ],
            "version": "==2.20"
        },
        "shapely": {
            "hashes": [
                "sha256:052eb5b9ba756808a7825e8a8020fb146ec489dd5c919e7d139014775411e688",
                "sha256:1641724c1055459a7e2b8bbe47ba25bdc89554582e62aec23cb3f3ca25f9b129",
                "sha256:17df66e87d0fe0193910aeaa938c99f0b04f67b430edb8adae01e7be557b141b",
                "sha256:182716ffb500d114b5d1b75d7fd9d14b7d3414cef3c38c0490534cc9ce20981a",
                "sha256:2df5260d0f2983309776cb41bfa85c464ec07018d88c0ecfca23d40bfadae2f1",
                "sha256:35be1c5d869966569d3dfd4ec31832d7c780e9df760e1fe52131105685941891",
                "sha256:46da0ea527da9cf9503e66c18bab6981c5556859e518fe71578b47126e54ca93",
                "sha256:4c10f317e379cc404f8fc510cd9982d5d3e7ba13a9cfd39aa251d894c6366798",
                "sha256:4f3c59f6dbf86a9fc293546de492f5e07344e045f9333f3a753f2dda903c45d1",
                "sha256:60e5b2282619249dbe8dc5266d781cc7d7fb1b27fa49f8241f2167672ad26719",
                "sha256:617bf046a6861d7c6b44d2d9cb9e2311548638e684c2cd071d8945f24a926263",
                "sha256:6593026cd3f5daaea12bcc51ae5c979318070fefee210e7990cb8ac2364e79a1",
                "sha256:6871acba8fbe744efa4f9f34e726d070bfbf9bffb356a8f6d64557846324232b",
                "sha256:791477edb422692e7dc351c5ed6530eb0e949a31b45569946619a0d9cd5f53cb",
                "sha256:8e7659dd994792a0aad8fb80439f59055a21163e236faf2f9823beb63a380e19",
                "sha256:8f15b6ce67dcc05b61f19c689b60f3fe58550ba994290ff8332f711f5aaa9840",
                "sha256:90a3e2ae0d6d7d50ff2370ba168fbd416a53e7d8448410758c5d6a5920646c1d",
                "sha256:a3774516c8a83abfd1ddffb8b6ec1b0935d7fe6ea0ff5c31a18bfdae567b4eba",
                "sha256:a5c3a50d823c192f32615a2a6920e8c046b09e07a58eba220407335a9cd2e8ea",
                "sha256:b40cc7bb089ae4aa9ddba1db900b4cd1bce3925d2a4b5837b639e49de054784f",
                "sha256:da38ed3d65b8091447dc3717e5218cc336d20303b77b0634b261bc5c1aa2bae8",
                "sha256:de618e67b64a51a0768d26a9963ecd7d338a2cf6e9e7582d2385f88ad005b3d1",
                "sha256:e3afccf0437edc108eef1e2bb9cc4c7073e7705924eb4cd0bf7715cd1ef0ce1b"
            ],
            "index": "pypi",
            "version": "==1.7.1"
        },
        "six": {
            "hashes": [
                "sha256:1e61c37477a1626458e36f7b1d82aa5c9b094fa4802892072e49de9c60c4c926",
                "sha256:8abb2f1d86890a2dfb989f9a77cfcfd3e47c2a354b01111771326f8aa26e0254"
            ],
            "markers": "python_version >= '2.7' and python_version not in '3.0, 3.1, 3.2, 3.3'",
            "version": "==1.16.0"
        },
        "statsmodels": {
            "hashes": [
                "sha256:066a75d5585378b2df972f81a90b9a3da5e567b7d4833300c1597438c1a35e29",
                "sha256:20483cc30e11aa072b30d307bb80470f86a23ae8fffa51439ca54509d7aa9b05",
                "sha256:39daab5a8a9332c8ea83d6464d065080c9ba65f236daf6a64aa18f64ef776fad",
                "sha256:3e7ca5b7e678c0bb7a24f5c735d58ac104a50eb61b17c484cce0e221a095560f",
                "sha256:426b1c8ea3918d3d27dbfa38f2bee36cabf41d32163e2cbb3adfb0178b24626a",
                "sha256:45b80fac4a63308b1e93fa9dc27a8598930fd5dfd77c850ca077bb850254c6d7",
                "sha256:461c82ab2265fa8457b96afc23ef3ca19f42eb070436e0241b57e58a38863901",
                "sha256:5bc050f25f1ba1221efef9ea01b751c60935ad787fcd4259f4ece986f2da9141",
                "sha256:5c4ccc6b4744613367e8a233bd952c8a838db8f528f9fe033bda25aa13fc7d08",
                "sha256:5d680b910b57fc0aa87472662cdfe09aae0e21db4bdf19ccd6420fd4dffda892",
                "sha256:6bf0dfed5f5edb59b5922b295392cd276463b10a5e730f7e57ee4ff2d8e9a87e",
                "sha256:77dc292c9939c036a476f1770f9d08976b05437daa229928da73231147cde7d4",
                "sha256:78ee69ec0e0f79f627245c65f8a495b8581c2ea19084aac63941815feb15dcf3",
                "sha256:815f4df713e3eb6f40ae175c71f2a70d32f9219b5b4d23d4e0faab1171ba93ba",
                "sha256:855b1cc2a91ab140b9bcf304b1731705805ce73223bf500b988804968554c0ed",
                "sha256:9e9a3f661d372431850d55157d049e079493c97fc06f550d23d8c8c70805cc48",
                "sha256:9f23554dd025ea354ce072ba32bfaa840d2b856372e5734290e181d27a1f9e0c",
                "sha256:a403b559c5586dab7ac0fc9e754c737b017c96cce0ddd66ff9094764cdaf293d",
                "sha256:ab31bac0f72b83bca1f217a12ec6f309a56485a50c4a705fbdd63112213d4da4",
                "sha256:b69c9af7606325095f7c40c581957bad9f28775653d41537c1ec4cd1b185ff5b",
                "sha256:bf43051a92231ccb9de95e4b6d22d3b15e499ee5ee9bff0a20e6b6ad293e34cb",
                "sha256:c9f6326870c095ef688f072cd476b932aff0906d60193eaa08e93ec23b29ca83",
                "sha256:f15f38dfc9c5c091662cb619e12322047368c67aef449c7554d9b324a15f7a94"
            ],
            "markers": "python_version >= '3.7'",
            "version": "==0.13.2"
        },
        "threadpoolctl": {
            "hashes": [
                "sha256:8b99adda265feb6773280df41eece7b2e6561b772d21ffd52e372f999024907b",
                "sha256:a335baacfaa4400ae1f0d8e3a58d6674d2f8828e3716bb2802c44955ad391380"
            ],
            "markers": "python_version >= '3.6'",
            "version": "==3.1.0"
        },
        "timezonefinder": {
            "hashes": [
                "sha256:4545533086eb25cd7ba10b97785059acbababf4577ab1b4d5c2ab56642eadfea",
                "sha256:a374570295a8dbd923630ce85f754e52578e288cb0a9cf575834415e84758352"
            ],
            "index": "pypi",
            "version": "==5.2.0"
        },
        "urllib3": {
            "hashes": [
                "sha256:000ca7f471a233c2251c6c7023ee85305721bfdf18621ebff4fd17a8653427ed",
                "sha256:0e7c33d9a63e7ddfcb86780aac87befc2fbddf46c58dbb487e0855f7ceec283c"
            ],
            "markers": "python_version != '3.4'",
            "version": "==1.26.8"
        },
        "xlrd": {
            "hashes": [
                "sha256:6a33ee89877bd9abc1158129f6e94be74e2679636b8a205b43b85206c3f0bbdd",
                "sha256:f72f148f54442c6b056bf931dbc34f986fd0c3b0b6b5a58d013c9aef274d0c88"
            ],
            "index": "pypi",
            "version": "==2.0.1"
        }
    },
    "develop": {}
}
