{
    "_meta": {
        "hash": {
            "sha256": "2ae294e7175d5ec190f011fd14ceac31ea82727fd2a3233aafa6cd587a6d968c"
        },
        "pipfile-spec": 6,
        "requires": {
            "python_version": "3.7"
        },
        "sources": [
            {
                "name": "pypi",
                "url": "https://pypi.org/simple",
                "verify_ssl": true
            }
        ]
    },
    "default": {
        "basemap": {
            "file": "https://download.lfd.uci.edu/pythonlibs/y2rycu7g/basemap-1.2.2-cp37-cp37m-win_amd64.whl",
            "hashes": [
                "sha256:ec3d4af74e8ed6e1bd1b3f2ef598086ec89825471eb87352fd5a105a0905f7c0"
            ],
            "index": "pypi",
            "version": "==1.2.2"
        },
        "certifi": {
            "hashes": [
                "sha256:2bbf76fd432960138b3ef6dda3dde0544f27cbf8546c458e60baf371917ba9ee",
                "sha256:50b1e4f8446b06f41be7dd6338db18e0990601dce795c2b1686458aa7e8fa7d8"
            ],
            "version": "==2021.5.30"
        },
        "cftime": {
            "hashes": [
                "sha256:048a3a81b52be3ea1e8ee3edb9b4012bc4343c0676cd840412ee750e1c1a75c7",
                "sha256:33366cb796048dc14a25d663eea0b1655dcad2437cc80efd5636fbda4cd06b1b",
                "sha256:3c0fef577869192f5ca9e5e91f6658ea9c78cf3f71ad3e138727be22cad7353f",
                "sha256:584005cde175c20fa110d056800617b62afd99ea71d1c26ce474bbfc76e4e36e",
                "sha256:60395cb6510903a0412dd5383122d471941a3f31db8645c9d691bc8aa8af899f",
                "sha256:67184721ee2c2c20ffa76eb62665b298caa1037d237505c5b181a0f6fceba8f2",
                "sha256:6e60a4a6f876c4eeb98340bf6bdfccabb32f617d20dd0337aa0808522617f53f",
                "sha256:8ad4ce2113f17d7e7d75d73b8732b93c54b4dbe5c4e84dc8d8dd7dcd6dda9cf1",
                "sha256:8be61778a6c041f8be3dd3a771bcc31fd9e8bb52ea263e909223b162fb6ca38d",
                "sha256:8f50dda39bc4f859e698af82286922c62af3a5d40fdec3ad6193487f29a7ec3d",
                "sha256:9317e18460d63fdd22ccd14f18545613b0e83d1760e89256aa2da6ce49550b82",
                "sha256:a2261d158e7d6125071d9ad1668e99183deea30ce61f21f5c7b32bbabd6318ed",
                "sha256:c452bff788a64b72956a7d038e6f46b4bd3e8de6a84fa1601f9a20cbd6c2e4b6",
                "sha256:c4c512934aaf621169473f1a8d754b24d4550282f3687f23a0c41e7cfcc55730",
                "sha256:d454f2dd376a2b5334bca72559bd294cb638c470fd930b5b544541542b888414",
                "sha256:e61edcf3d6879a1435f66414c1abd48653271e9b6fd40e90f536eaef8e3d6cdf",
                "sha256:f95da5ec9bd6345caac178a49a1b452e0603314800c9fd2db8ad0274b7aca6b4"
            ],
            "path": "../install/windows_python_wheels/cftime-1.1.2-cp37-cp37m-win_amd64.whl",
            "version": "==1.1.2"
        },
        "charset-normalizer": {
            "hashes": [
                "sha256:88fce3fa5b1a84fdcb3f603d889f723d1dd89b26059d0123ca435570e848d5e1",
                "sha256:c46c3ace2d744cfbdebceaa3c19ae691f53ae621b39fd7570f59d14fb7f2fd12"
            ],
            "markers": "python_version >= '3'",
            "version": "==2.0.3"
        },
        "cycler": {
            "hashes": [
                "sha256:1d8a5ae1ff6c5cf9b93e8811e581232ad8920aeec647c37316ceac982b08cb2d",
                "sha256:cd7b2d1018258d7247a71425e9f26463dfb444d411c39569972f4ce586b0c9d8"
            ],
            "version": "==0.10.0"
        },
        "descartes": {
            "hashes": [
                "sha256:135a502146af5ed6ff359975e2ebc5fa4b71b5432c355c2cafdc6dea1337035b",
                "sha256:4c62dc41109689d03e4b35de0a2bcbdeeb81047badc607c4415d5c753bd683af",
                "sha256:b7e412e7e6e294412f1d0f661f187babc970088c2456089e6801eebb043c2e1b"
            ],
            "version": "==1.1.0"
        },
        "ephem": {
            "hashes": [
                "sha256:029dff6d8212ea9c63a8e34d1e0e416833b6b1888642ee0b7c69eb983f55eda7",
                "sha256:02a0500965d624e0033f18e297afc80695f976d24eeb4f4c6c1c2edaae69d7df",
                "sha256:065e0a36886e4dd03e8f3ccda44112f24557838332e45ca7844dd03f5f95f393",
                "sha256:1066dd87d1d8a52cef8bed27c3135601d6124c5e9b25d989ab1f9f54461d674f",
                "sha256:1670ef5b538c5a011e0aed92f3f71ce21f973c097d21c3953e9da9ee6577f0b4",
                "sha256:1d5410a30977cc9c4b5d34b1fc9c450cfe3f0764c750fe8706276703ffb9faf4",
                "sha256:1d5e33e5dfbdcb3c185f2b138037ef54d4a258478704ca8206a82a41db6e41fe",
                "sha256:27fd1afa205b31fbfd3ed6618470b29738112b0bc07b330960ff95053446683e",
                "sha256:2d679fbbc87161a9d48f462f972ce58b39e46df6a1025f55462478e86098cc52",
                "sha256:32f534d418bd75d37fe9379508eef6bd58fdc4c6f5f8ccee8167a426c3dbae18",
                "sha256:375e486e45bbfe2fae98e063d1963bddfff05e160fb17191da61b6fb03e37516",
                "sha256:582ef4ffc52e9cb737291a4763aa28e3dfbad04d3713d88661311d8cfd9894c4",
                "sha256:65e5dad6f47932ebb1a0f91af67fa1d6ef4bdfa25035f978c6e33002607c62b9",
                "sha256:665485e788c7fc27d0885f8932346babe76d15def396179ead60ff7222b86165",
                "sha256:669a664e020eacffe244f053ebdb67a7c2a0bade0297a8d58f9494043126ccdc",
                "sha256:6732de67ea31d84ae091b1efb1a3c55eca6f0b9db2551f23e6fbe46cdb1340b0",
                "sha256:6dd2c480ec6193e5f13e182605b4a6aa2fc682b9d4b24c95b16eb8706b27d548",
                "sha256:6ddc93438de184b44397352fd204b6e08c264a70bf52862f1ae729a83f5b83cd",
                "sha256:7383a7e119eebce8e1153f7deff1ee0c764ef339b57e0efe9787b0a60a8bee46",
                "sha256:75736183d327da14afc99751bbdddc2bfa91b7f978f216f7ee7e404e8155903b",
                "sha256:7be194fba66d682ea7144b43b42ff936e1900c2b714afa3c9dd48f167be9ecc9",
                "sha256:86df088522ae40443649be14da0a584acc3c2e89676b523293437be9cf40908a",
                "sha256:8d7febea4305f9257c28fe002dba531d8ee0f136d0e681a03dd9449459ab4ccb",
                "sha256:a70b0b1d06256086422e2bb55fb8451bbd20c63144cba047cc174f4bb1035a61",
                "sha256:b33d79e92b9c5a5f4f65fe35b337ea743518307eb8cb6f41b77430673da35332",
                "sha256:be60729ca6569b1fbbdd34ad965f4d12aa739ce919b0b6182b0ac32c6fc2530a",
                "sha256:c67ada1549928228b885ffe7264bdcd99321e0eade410ce9d74018a6cd3cf422",
                "sha256:cc5fe92b349d072797d1297357a75f50daa662fca3c87fc0dcedb4edc5f39869",
                "sha256:cef85182ec6f724b961d48a609ac50b45aaafe0d6c4e988ad2a42856149e8280",
                "sha256:d03de73ebf6a91681d597eb5b5d43bcf6f0c67e292bba2f9a974734b4f15757e",
                "sha256:d21ec00ba43d7034dd51594339eab786930a6ae0569a4b168cbb20932be0671c",
                "sha256:dcd372ea57185ec12dc0bf9bc9fc57f00d8efd5291a742828731fb3840a789cb",
                "sha256:e10fc9715abcc924dfffcde8438a7e0afe574ee99afc945a729fa88739fc3289",
                "sha256:e1e4d92e04f187aaa1779f272778214b11f53456c0edbe29c7630a20fd5a29f0",
                "sha256:ea90124c1e23cc599757ddfbd34ecef7452b82d2205e1abdb5ad6880ae74942b",
                "sha256:ee47fcf845e94781672f84138e9d5b5f0ab3a9f46f8a63f6a49fddd9cb302cbc",
                "sha256:f1d9fec04e41a8b00e366ba9c2aece5a937cd36504173f6310e7aeb218c2fc2c",
                "sha256:f3461bdc9cbd986517379e16817a03ce2d579ab91f6b4dd9717e60a02a51a5ce",
                "sha256:f38cf6f3696ba3ea0829de0c1dcc2a729b45938b3fc22db4081858aae4bd5b92",
                "sha256:f5f76e5c65da92934946e76d093f68624645ba441102d7821a6d0f2d11ab655f",
                "sha256:fa2163ed6562521a261f42d8a07d2b50991511f3e0725b1f64c07889fc9414ab"
            ],
            "index": "pypi",
            "version": "==4.0.0.2"
        },
        "gdal": {
            "hashes": [
                "sha256:80f255ff38fe9963fc79fb5801531f8173c7a0d0ff448ef7eb9ab7f21f7ea21b",
                "sha256:a17eaa6872e4b7f7fa82f86aeccecc57d224bd054952a56db64368ecaf18509c"
            ],
            "path": "../install/windows_python_wheels/GDAL-3.0.4-cp37-cp37m-win_amd64.whl",
            "version": "==3.0.4"
        },
        "idna": {
            "hashes": [
                "sha256:14475042e284991034cb48e06f6851428fb14c4dc953acd9be9a5e95c7b6dd7a",
                "sha256:467fbad99067910785144ce333826c71fb0e63a425657295239737f7ecd125f3"
            ],
            "markers": "python_version >= '3'",
            "version": "==3.2"
        },
        "kiwisolver": {
            "hashes": [
                "sha256:0cd53f403202159b44528498de18f9285b04482bab2a6fc3f5dd8dbb9352e30d",
                "sha256:1e1bc12fb773a7b2ffdeb8380609f4f8064777877b2225dec3da711b421fda31",
                "sha256:225e2e18f271e0ed8157d7f4518ffbf99b9450fca398d561eb5c4a87d0986dd9",
                "sha256:232c9e11fd7ac3a470d65cd67e4359eee155ec57e822e5220322d7b2ac84fbf0",
                "sha256:31dfd2ac56edc0ff9ac295193eeaea1c0c923c0355bf948fbd99ed6018010b72",
                "sha256:33449715e0101e4d34f64990352bce4095c8bf13bed1b390773fc0a7295967b3",
                "sha256:401a2e9afa8588589775fe34fc22d918ae839aaaf0c0e96441c0fdbce6d8ebe6",
                "sha256:44a62e24d9b01ba94ae7a4a6c3fb215dc4af1dde817e7498d901e229aaf50e4e",
                "sha256:50af681a36b2a1dee1d3c169ade9fdc59207d3c31e522519181e12f1b3ba7000",
                "sha256:563c649cfdef27d081c84e72a03b48ea9408c16657500c312575ae9d9f7bc1c3",
                "sha256:5989db3b3b34b76c09253deeaf7fbc2707616f130e166996606c284395da3f18",
                "sha256:5a7a7dbff17e66fac9142ae2ecafb719393aaee6a3768c9de2fd425c63b53e21",
                "sha256:5c3e6455341008a054cccee8c5d24481bcfe1acdbc9add30aa95798e95c65621",
                "sha256:5f6ccd3dd0b9739edcf407514016108e2280769c73a85b9e59aa390046dbf08b",
                "sha256:72c99e39d005b793fb7d3d4e660aed6b6281b502e8c1eaf8ee8346023c8e03bc",
                "sha256:78751b33595f7f9511952e7e60ce858c6d64db2e062afb325985ddbd34b5c131",
                "sha256:834ee27348c4aefc20b479335fd422a2c69db55f7d9ab61721ac8cd83eb78882",
                "sha256:8be8d84b7d4f2ba4ffff3665bcd0211318aa632395a1a41553250484a871d454",
                "sha256:950a199911a8d94683a6b10321f9345d5a3a8433ec58b217ace979e18f16e248",
                "sha256:a357fd4f15ee49b4a98b44ec23a34a95f1e00292a139d6015c11f55774ef10de",
                "sha256:a53d27d0c2a0ebd07e395e56a1fbdf75ffedc4a05943daf472af163413ce9598",
                "sha256:acef3d59d47dd85ecf909c359d0fd2c81ed33bdff70216d3956b463e12c38a54",
                "sha256:b38694dcdac990a743aa654037ff1188c7a9801ac3ccc548d3341014bc5ca278",
                "sha256:b9edd0110a77fc321ab090aaa1cfcaba1d8499850a12848b81be2222eab648f6",
                "sha256:c08e95114951dc2090c4a630c2385bef681cacf12636fb0241accdc6b303fd81",
                "sha256:c5518d51a0735b1e6cee1fdce66359f8d2b59c3ca85dc2b0813a8aa86818a030",
                "sha256:c8fd0f1ae9d92b42854b2979024d7597685ce4ada367172ed7c09edf2cef9cb8",
                "sha256:ca3820eb7f7faf7f0aa88de0e54681bddcb46e485beb844fcecbcd1c8bd01689",
                "sha256:cf8b574c7b9aa060c62116d4181f3a1a4e821b2ec5cbfe3775809474113748d4",
                "sha256:d3155d828dec1d43283bd24d3d3e0d9c7c350cdfcc0bd06c0ad1209c1bbc36d0",
                "sha256:f8d6f8db88049a699817fd9178782867bf22283e3813064302ac59f61d95be05",
                "sha256:fd34fbbfbc40628200730bc1febe30631347103fc8d3d4fa012c21ab9c11eca9"
            ],
            "version": "==1.3.1"
        },
        "matplotlib": {
            "hashes": [
                "sha256:0bea5ec5c28d49020e5d7923c2725b837e60bc8be99d3164af410eb4b4c827da",
                "sha256:1c1779f7ab7d8bdb7d4c605e6ffaa0614b3e80f1e3c8ccf7b9269a22dbc5986b",
                "sha256:21b31057bbc5e75b08e70a43cefc4c0b2c2f1b1a850f4a0f7af044eb4163086c",
                "sha256:32fa638cc10886885d1ca3d409d4473d6a22f7ceecd11322150961a70fab66dd",
                "sha256:3a5c18dbd2c7c366da26a4ad1462fe3e03a577b39e3b503bbcf482b9cdac093c",
                "sha256:5826f56055b9b1c80fef82e326097e34dc4af8c7249226b7dd63095a686177d1",
                "sha256:6382bc6e2d7e481bcd977eb131c31dee96e0fb4f9177d15ec6fb976d3b9ace1a",
                "sha256:6475d0209024a77f869163ec3657c47fed35d9b6ed8bccba8aa0f0099fbbdaa8",
                "sha256:6a6a44f27aabe720ec4fd485061e8a35784c2b9ffa6363ad546316dfc9cea04e",
                "sha256:7a58f3d8fe8fac3be522c79d921c9b86e090a59637cb88e3bc51298d7a2c862a",
                "sha256:7ad19f3fb6145b9eb41c08e7cbb9f8e10b91291396bee21e9ce761bb78df63ec",
                "sha256:85f191bb03cb1a7b04b5c2cca4792bef94df06ef473bc49e2818105671766fee",
                "sha256:956c8849b134b4a343598305a3ca1bdd3094f01f5efc8afccdebeffe6b315247",
                "sha256:a9d8cb5329df13e0cdaa14b3b43f47b5e593ec637f13f14db75bb16e46178b05",
                "sha256:b1d5a2cedf5de05567c441b3a8c2651fbde56df08b82640e7f06c8cd91e201f6",
                "sha256:b26535b9de85326e6958cdef720ecd10bcf74a3f4371bf9a7e5b2e659c17e153",
                "sha256:c541ee5a3287efe066bbe358320853cf4916bc14c00c38f8f3d8d75275a405a9",
                "sha256:d8d994cefdff9aaba45166eb3de4f5211adb4accac85cbf97137e98f26ea0219",
                "sha256:df815378a754a7edd4559f8c51fc7064f779a74013644a7f5ac7a0c31f875866"
            ],
            "index": "pypi",
            "version": "==3.4.2"
        },
        "mizani": {
            "hashes": [
                "sha256:7f95d713e2bd28d51919e065d3453d470a654a0a219a7f777f8e9b6ed6e6ed35",
                "sha256:f521300bd29ca918fcd629bc8ab50fa04e41bdbe00f6bcf74055d3c6273770a4"
            ],
            "version": "==0.7.3"
        },
        "netcdf4": {
            "hashes": [
                "sha256:01fcd8a7eb9cd711f94ab2422a41f4fb984d7884c7761ad1394bda114f4598dc",
                "sha256:1a1f4c660e245c25f4ddde596f2b8e605d31ed843bccb3edf427e95b52460292",
                "sha256:22f2339b6bf3b3a8ede541b250027609bb82316c807fc455658c1625fb93339a",
                "sha256:2a3ca855848f4bbf07fac366da77a681fcead18c0a8813d91d46302f562dc3be",
                "sha256:2acb00d49924c6f7333644e63395b9baacc004d5b9d91a336ce48087cf777aea",
                "sha256:2df13ecf8f020ee7dbdc776631cf39541c1d8adb0b4531729edc024230e2c66a",
                "sha256:387500a82e6f1d6a8bb8c59bb04c29c5c889a2096598b94bd5445dfe4f3d5bc8",
                "sha256:3b7a83da6ab86ea77bd1f73c2cc8014ec6a42c12baea6b995380da917897436d",
                "sha256:43fd12e87661a503802bc2e439f6f0771e81c61084a31a85baf60a27c33710ce",
                "sha256:52d6907e9bbf60a2dd9ff5abe83ce0e3d105535efdc83cda51bba9c277560c52",
                "sha256:561a36c0913a859254048f4ddfa94670ef46e3d4dc35b54d4cc4ec26e36e7870",
                "sha256:630347ad5a6e69ef8328de9cdd551dc8938365cff9645ce984760d2567853968",
                "sha256:654236cb5ef0f717851e0174ba828bd39d2d24a35ed5f512712ffd5a74f68048",
                "sha256:66802ada8cd691a77087777b9a3d7aea7eeeefce5b731f3f064c245289de743e",
                "sha256:673fa90736017daf498d2521bd1670e9024bef87b97e2d45f189ce1b6a532a7d",
                "sha256:84aa1cc83b667b75348638b14470fcdc0a7d3ca575b340e2544d6bd2d5f60da1",
                "sha256:86eb62fe4adf89e482fbf9f81b1cca3232ce460747bf8161ef2dcbb64eb27a1d",
                "sha256:8a1efeed664325f66870e99bbbef5e85676a259a00507dbeda023c0ec45ddc7f",
                "sha256:9305604521e2d504156bb1fb6379314bc04b611021f7f713dc41b1caf701f1d9",
                "sha256:99a00b91222af2b281689572263c3bad9d5a2c523abd769f9d5d4de82fec1a37",
                "sha256:9aa2cce186f2febe1c67b1e2aa973de8d264a27c91b3e77770649a5f9a6f094e",
                "sha256:b2e6af17a76ee8b9f8086b2d9d945032a5c08cedd9cf49ae1589530f2ebec9e3",
                "sha256:bae4419c950047fe1b748d83ab0216b314f245bb7042448eae89b0f2c53f1b01",
                "sha256:baf112ba8fef6ae69d8e84a48c970d669b9751f6fda485be473b9ff6d819bf90",
                "sha256:bcc321f975045883e08c3dbad5f609adcb041df77c421518d36a0d253a6e3779",
                "sha256:be25ba5b86c3548e72733964016fd04300e52add80e327026eca4315b34ad1df",
                "sha256:c93a4a0429e666bc2641c1a84af3381e5689b7afb5eac4154b90b1e490d7f3c8",
                "sha256:c98ceae290e87c0b2d4828f2bec8100fda6d15b71bf03b0f0a182a220939d860",
                "sha256:c9ff82a07db6fb97800b329fa84f85031f403e98127c919eea95881a495b4281",
                "sha256:cc9ce70a6323a7f0a5e94fdd7b149a49dc93586f73ee872778b7cab2efa80a96",
                "sha256:dbb1cf68d66b4f692ecdc6921990e0553fae9baf5bbb67086c1f9f8917367d5a",
                "sha256:f73988fb8e4b688e3945c1584f0f45ce3d96a95e2bcbd53ed73eb0611d7cb294"
            ],
            "path": "../install/windows_python_wheels/netCDF4-1.5.3-cp37-cp37m-win_amd64.whl",
            "version": "==1.5.3"
        },
        "numpy": {
            "hashes": [
                "sha256:01721eefe70544d548425a07c80be8377096a54118070b8a62476866d5208e33",
                "sha256:0318c465786c1f63ac05d7c4dbcecd4d2d7e13f0959b01b534ea1e92202235c5",
                "sha256:05a0f648eb28bae4bcb204e6fd14603de2908de982e761a2fc78efe0f19e96e1",
                "sha256:1412aa0aec3e00bc23fbb8664d76552b4efde98fb71f60737c83efbac24112f1",
                "sha256:25b40b98ebdd272bc3020935427a4530b7d60dfbe1ab9381a39147834e985eac",
                "sha256:2d4d1de6e6fb3d28781c73fbde702ac97f03d79e4ffd6598b880b2d95d62ead4",
                "sha256:38e8648f9449a549a7dfe8d8755a5979b45b3538520d1e735637ef28e8c2dc50",
                "sha256:4a3d5fb89bfe21be2ef47c0614b9c9c707b7362386c9a3ff1feae63e0267ccb6",
                "sha256:635e6bd31c9fb3d475c8f44a089569070d10a9ef18ed13738b03049280281267",
                "sha256:73101b2a1fef16602696d133db402a7e7586654682244344b8329cdcbbb82172",
                "sha256:791492091744b0fe390a6ce85cc1bf5149968ac7d5f0477288f78c89b385d9af",
                "sha256:7a708a79c9a9d26904d1cca8d383bf869edf6f8e7650d85dbc77b041e8c5a0f8",
                "sha256:88c0b89ad1cc24a5efbb99ff9ab5db0f9a86e9cc50240177a571fbe9c2860ac2",
                "sha256:8a326af80e86d0e9ce92bcc1e65c8ff88297de4fa14ee936cb2293d414c9ec63",
                "sha256:8a92c5aea763d14ba9d6475803fc7904bda7decc2a0a68153f587ad82941fec1",
                "sha256:91c6f5fc58df1e0a3cc0c3a717bb3308ff850abdaa6d2d802573ee2b11f674a8",
                "sha256:95b995d0c413f5d0428b3f880e8fe1660ff9396dcd1f9eedbc311f37b5652e16",
                "sha256:9749a40a5b22333467f02fe11edc98f022133ee1bfa8ab99bda5e5437b831214",
                "sha256:978010b68e17150db8765355d1ccdd450f9fc916824e8c4e35ee620590e234cd",
                "sha256:9a513bd9c1551894ee3d31369f9b07460ef223694098cf27d399513415855b68",
                "sha256:a75b4498b1e93d8b700282dc8e655b8bd559c0904b3910b144646dbbbc03e062",
                "sha256:c6a2324085dd52f96498419ba95b5777e40b6bcbc20088fddb9e8cbb58885e8e",
                "sha256:d7a4aeac3b94af92a9373d6e77b37691b86411f9745190d2c351f410ab3a791f",
                "sha256:d9e7912a56108aba9b31df688a4c4f5cb0d9d3787386b87d504762b6754fbb1b",
                "sha256:dff4af63638afcc57a3dfb9e4b26d434a7a602d225b42d746ea7fe2edf1342fd",
                "sha256:e46ceaff65609b5399163de5893d8f2a82d3c77d5e56d976c8b5fb01faa6b671",
                "sha256:f01f28075a92eede918b965e86e8f0ba7b7797a95aa8d35e1cc8821f5fc3ad6a",
                "sha256:fd7d7409fa643a91d0a05c7554dd68aa9c9bb16e186f6ccfe40d6e003156e33a"
            ],
            "index": "pypi",
            "version": "==1.21.1"
        },
        "orbit-predictor": {
            "hashes": [
                "sha256:9be5c1e780664d7e5b57ec461f98c09dd2a48fa3fcb58fdfa0aa629300622215",
                "sha256:b4b01f1983c8798b2af4b8df961dc106db8b270315dbcf4160526c0ff1d8b12a"
            ],
            "index": "pypi",
            "version": "==1.14.2"
        },
        "palettable": {
            "hashes": [
                "sha256:72feca71cf7d79830cd6d9181b02edf227b867d503bec953cf9fa91bf44896bd",
                "sha256:c3bf3f548fc228e86bd3d16928bbf8d621c1d1098791ceab446d0e3a5e1298d1"
            ],
            "version": "==3.3.0"
        },
        "pandas": {
            "hashes": [
                "sha256:0c976e023ed580e60a82ccebdca8e1cc24d8b1fbb28175eb6521025c127dab66",
                "sha256:114c6789d15862508900a25cb4cb51820bfdd8595ea306bab3b53cd19f990b65",
                "sha256:1ee8418d0f936ff2216513aa03e199657eceb67690995d427a4a7ecd2e68f442",
                "sha256:22f3fcc129fb482ef44e7df2a594f0bd514ac45aabe50da1a10709de1b0f9d84",
                "sha256:23c7452771501254d2ae23e9e9dac88417de7e6eff3ce64ee494bb94dc88c300",
                "sha256:341935a594db24f3ff07d1b34d1d231786aa9adfa84b76eab10bf42907c8aed3",
                "sha256:45656cd59ae9745a1a21271a62001df58342b59c66d50754390066db500a8362",
                "sha256:527c43311894aff131dea99cf418cd723bfd4f0bcf3c3da460f3b57e52a64da5",
                "sha256:5c09a2538f0fddf3895070579082089ff4ae52b6cb176d8ec7a4dacf7e3676c1",
                "sha256:5d9acfca191140a518779d1095036d842d5e5bc8e8ad8b5eaad1aff90fe1870d",
                "sha256:5ee927c70794e875a59796fab8047098aa59787b1be680717c141cd7873818ae",
                "sha256:7150039e78a81eddd9f5a05363a11cadf90a4968aac6f086fd83e66cf1c8d1d6",
                "sha256:905fc3e0fcd86b0a9f1f97abee7d36894698d2592b22b859f08ea5a8fe3d3aab",
                "sha256:9d06661c6eb741ae633ee1c57e8c432bb4203024e263fe1a077fa3fda7817fdb",
                "sha256:9e1fe6722cbe27eb5891c1977bca62d456c19935352eea64d33956db46139364",
                "sha256:be12d77f7e03c40a2466ed00ccd1a5f20a574d3c622fe1516037faa31aa448aa",
                "sha256:c28760932283d2c9f6fa5e53d2f77a514163b9e67fd0ee0879081be612567195",
                "sha256:e323028ab192fcfe1e8999c012a0fa96d066453bb354c7e7a4a267b25e73d3c8",
                "sha256:fdb3b33dde260b1766ea4d3c6b8fbf6799cee18d50a2a8bc534cf3550b7c819a"
            ],
            "index": "pypi",
            "version": "==1.3.1"
        },
        "patsy": {
            "hashes": [
                "sha256:5465be1c0e670c3a965355ec09e9a502bf2c4cbe4875e8528b0221190a8a5d40",
                "sha256:f115cec4201e1465cd58b9866b0b0e7b941caafec129869057405bfe5b5e3991"
            ],
            "version": "==0.5.1"
        },
        "pillow": {
            "hashes": [
                "sha256:0b2efa07f69dc395d95bb9ef3299f4ca29bcb2157dc615bae0b42c3c20668ffc",
                "sha256:114f816e4f73f9ec06997b2fde81a92cbf0777c9e8f462005550eed6bae57e63",
                "sha256:147bd9e71fb9dcf08357b4d530b5167941e222a6fd21f869c7911bac40b9994d",
                "sha256:15a2808e269a1cf2131930183dcc0419bc77bb73eb54285dde2706ac9939fa8e",
                "sha256:196560dba4da7a72c5e7085fccc5938ab4075fd37fe8b5468869724109812edd",
                "sha256:1c03e24be975e2afe70dfc5da6f187eea0b49a68bb2b69db0f30a61b7031cee4",
                "sha256:1fd5066cd343b5db88c048d971994e56b296868766e461b82fa4e22498f34d77",
                "sha256:29c9569049d04aaacd690573a0398dbd8e0bf0255684fee512b413c2142ab723",
                "sha256:2b6dfa068a8b6137da34a4936f5a816aba0ecc967af2feeb32c4393ddd671cba",
                "sha256:2cac53839bfc5cece8fdbe7f084d5e3ee61e1303cccc86511d351adcb9e2c792",
                "sha256:2ee77c14a0299d0541d26f3d8500bb57e081233e3fa915fa35abd02c51fa7fae",
                "sha256:37730f6e68bdc6a3f02d2079c34c532330d206429f3cee651aab6b66839a9f0e",
                "sha256:3f08bd8d785204149b5b33e3b5f0ebbfe2190ea58d1a051c578e29e39bfd2367",
                "sha256:479ab11cbd69612acefa8286481f65c5dece2002ffaa4f9db62682379ca3bb77",
                "sha256:4bc3c7ef940eeb200ca65bd83005eb3aae8083d47e8fcbf5f0943baa50726856",
                "sha256:660a87085925c61a0dcc80efb967512ac34dbb256ff7dd2b9b4ee8dbdab58cf4",
                "sha256:67b3666b544b953a2777cb3f5a922e991be73ab32635666ee72e05876b8a92de",
                "sha256:70af7d222df0ff81a2da601fab42decb009dc721545ed78549cb96e3a1c5f0c8",
                "sha256:75e09042a3b39e0ea61ce37e941221313d51a9c26b8e54e12b3ececccb71718a",
                "sha256:8960a8a9f4598974e4c2aeb1bff9bdd5db03ee65fd1fce8adf3223721aa2a636",
                "sha256:9364c81b252d8348e9cc0cb63e856b8f7c1b340caba6ee7a7a65c968312f7dab",
                "sha256:969cc558cca859cadf24f890fc009e1bce7d7d0386ba7c0478641a60199adf79",
                "sha256:9a211b663cf2314edbdb4cf897beeb5c9ee3810d1d53f0e423f06d6ebbf9cd5d",
                "sha256:a17ca41f45cf78c2216ebfab03add7cc350c305c38ff34ef4eef66b7d76c5229",
                "sha256:a2f381932dca2cf775811a008aa3027671ace723b7a38838045b1aee8669fdcf",
                "sha256:a4eef1ff2d62676deabf076f963eda4da34b51bc0517c70239fafed1d5b51500",
                "sha256:c088a000dfdd88c184cc7271bfac8c5b82d9efa8637cd2b68183771e3cf56f04",
                "sha256:c0e0550a404c69aab1e04ae89cca3e2a042b56ab043f7f729d984bf73ed2a093",
                "sha256:c11003197f908878164f0e6da15fce22373ac3fc320cda8c9d16e6bba105b844",
                "sha256:c2a5ff58751670292b406b9f06e07ed1446a4b13ffced6b6cab75b857485cbc8",
                "sha256:c35d09db702f4185ba22bb33ef1751ad49c266534339a5cebeb5159d364f6f82",
                "sha256:c379425c2707078dfb6bfad2430728831d399dc95a7deeb92015eb4c92345eaf",
                "sha256:cc866706d56bd3a7dbf8bac8660c6f6462f2f2b8a49add2ba617bc0c54473d83",
                "sha256:d0da39795049a9afcaadec532e7b669b5ebbb2a9134576ebcc15dd5bdae33cc0",
                "sha256:f156d6ecfc747ee111c167f8faf5f4953761b5e66e91a4e6767e548d0f80129c",
                "sha256:f4ebde71785f8bceb39dcd1e7f06bcc5d5c3cf48b9f69ab52636309387b097c8",
                "sha256:fc214a6b75d2e0ea7745488da7da3c381f41790812988c7a92345978414fad37",
                "sha256:fd7eef578f5b2200d066db1b50c4aa66410786201669fb76d5238b007918fb24",
                "sha256:ff04c373477723430dce2e9d024c708a047d44cf17166bf16e604b379bf0ca14"
            ],
            "version": "==8.3.1"
        },
        "plotnine": {
            "hashes": [
                "sha256:39de59edcc28106761b65238647d0b1f6212ea7f3a78f8be0b846616db969276",
                "sha256:3c938093e20c6e68d1ee4591967a2e5093d185046bad88af00af81bf14215549"
            ],
            "index": "pypi",
            "version": "==0.8.0"
        },
        "pyparsing": {
            "hashes": [
                "sha256:c203ec8783bf771a155b207279b9bccb8dea02d8f0c9e5f8ead507bc3246ecc1",
                "sha256:ef9d7589ef3c200abe66653d3f1ab1033c3c419ae9b9bdb1240a85b024efc88b"
            ],
            "version": "==2.4.7"
        },
        "pyproj": {
            "hashes": [
                "sha256:2518d1606e2229b82318e704b40290e02a2a52d77b40cdcb2978973d6fc27b20",
                "sha256:33a5d1cfbb40a019422eb80709a0e270704390ecde7278fdc0b88f3647c56a39",
                "sha256:33c1c2968a4f4f87d517c4275a18b557e5c13907cf2609371fadea8463c3ba05",
                "sha256:3fef83a01c1e86dd9fa99d8214f749837cfafc34d9d6230b4b0a998fa7a68a1a",
                "sha256:451a3d1c563b672458029ebc04acbb3266cd8b3025268eb871a9176dc3638911",
                "sha256:457ad3856014ac26af1d86def6dc8cf69c1fa377b6e2fd6e97912d51cf66bdbe",
                "sha256:4f5b02b4abbd41610397c635b275a8ee4a2b5bc72a75572b98ac6ae7befa471e",
                "sha256:6a212d0e5c7efa33d039f0c8b0a489e2204fcd28b56206567852ad7f5f2a653e",
                "sha256:6f3f36440ea61f5f6da4e6beb365dddcbe159815450001d9fb753545affa45ff",
                "sha256:93cbad7b699e8e80def7de80c350617f35e6a0b82862f8ce3c014657c25fdb3c",
                "sha256:9f097e8f341a162438918e908be86d105a28194ff6224633b2e9616c5031153f",
                "sha256:a13e5731b3a360ee7fbd1e9199ec9203fafcece8ebd0b1351f16d0a90cad6828",
                "sha256:a6ac4861979cd05a0f5400fefa41d26c0269a5fb8237618aef7c998907db39e1",
                "sha256:a8b7c8accdc61dac8e91acab7c1f7b4590d1e102f2ee9b1f1e6399fad225958e",
                "sha256:adacb67a9f71fb54ca1b887a6ab20f32dd536fcdf2acec84a19e25ad768f7965",
                "sha256:bc2f3a15d065e206d63edd2cc4739aa0a35c05338ee276ab1dc72f56f1944bda",
                "sha256:cbf6ccf990860b06c5262ff97c4b78e1d07883981635cd53a6aa438a68d92945",
                "sha256:d87836be6b720fb4d9c112136aa47621b6ca09a554e645c1081561eb8e2fa1f4",
                "sha256:d90a5d1fdd066b0e9b22409b0f5e81933469918fa04c2cf7f9a76ce84cb29dad",
                "sha256:daf2998e3f5bcdd579a18faf009f37f53538e9b7d0a252581a610297d31e8536",
                "sha256:e015f900b4b84e908f8035ab16ebf02d67389c1c216c17a2196fc2e515c00762",
                "sha256:e50d5d20b87758acf8f13f39a3b3eb21d5ef32339d2bc8cdeb8092416e0051df",
                "sha256:f5a8015c74ec8f6508aebf493b58ba20ccb4da8168bf05f0c2a37faccb518da9"
            ],
            "path": "../install/windows_python_wheels/pyproj-2.6.1.post1-cp37-cp37m-win_amd64.whl",
            "version": "==2.6.1.post1"
        },
        "pyshp": {
            "hashes": [
                "sha256:e32b4a6832a3b97986df442df63b4c4a7dcc846b326c903189530a5cc6df0260"
            ],
            "version": "==2.1.3"
        },
        "python-dateutil": {
            "hashes": [
                "sha256:0123cacc1627ae19ddf3c27a5de5bd67ee4586fbdd6440d9748f8abb483d3e86",
                "sha256:961d03dc3453ebbc59dbdea9e4e11c5651520a876d0f4db161e8674aae935da9"
            ],
            "version": "==2.8.2"
        },
        "pytz": {
            "hashes": [
                "sha256:83a4a90894bf38e243cf052c8b58f381bfe9a7a483f6a9cab140bc7f702ac4da",
                "sha256:eb10ce3e7736052ed3623d49975ce333bcd712c7bb19a58b9e2089d4057d0798"
            ],
            "version": "==2021.1"
        },
        "requests": {
            "hashes": [
                "sha256:6c1246513ecd5ecd4528a0906f910e8f0f9c6b8ec72030dc9fd154dc1a6efd24",
                "sha256:b8aa58f8cf793ffd8782d3d8cb19e66ef36f7aba4353eec859e74678b01b07a7"
            ],
            "version": "==2.26.0"
        },
        "scipy": {
            "hashes": [
                "sha256:0572256c10ddd058e3d315c555538671ddb2737f27eb56189bfbc3483391403f",
                "sha256:2e685fdbfa5b989af4338b29c408b9157ea6addec15d661104c437980c292be5",
                "sha256:3595c8b64970c9e5a3f137fa1a9eb64da417e78fb7991d0b098b18a00b776d88",
                "sha256:3e7df79b42c3015058a5554bfeab6fd4c9906c46560c9ddebb5c652840f3e182",
                "sha256:4ef3d4df8af40cb6f4d4eaf7b02780109ebabeec334cda26a7899ec9d8de9176",
                "sha256:53116abd5060a5b4a58489cf689bee259b779e6b7ecd4ce366e7147aa7c9626e",
                "sha256:5a983d3cebc27294897951a494cebd78af2eae37facf75d9e4ad4f1f62229860",
                "sha256:5eb8f054eebb351af7490bbb57465ba9662c4e16e1786655c6c7ed530eb9a74e",
                "sha256:6130e22bf6ee506f7cddde7e0515296d97eb6c6c94f7ef5103c2b77aec5833a7",
                "sha256:7f4b89c223bd09460b52b669e2e642cab73c28855b540e6ed029692546a86f8d",
                "sha256:80df8af7039bce92fb4cd1ceb056258631b11b3c627384e2d29bb48d44c0cae7",
                "sha256:821e75f5c16cd7b0ab0ffe7eb9917e5af7b48c25306b4777287de8d792a5f7f3",
                "sha256:97ca4552ace1c313707058e774609af59644321e278c3a539322fab2fb09b943",
                "sha256:998c5e6ea649489302de2c0bc026ed34284f531df89d2bdc8df3a0d44d165739",
                "sha256:aef6e922aea6f2e6bbb539b413c85210a9ee32757535b84204ebd22723e69704",
                "sha256:b77ee5e3a9507622e7f98b16122242a3903397f98d1fe3bc269d904a9025e2bc",
                "sha256:bd4399d4388ca0239a4825e312b3e61b60f743dd6daf49e5870837716502a92a",
                "sha256:c5d012cb82cc1dcfa72609abaabb4a4ed8113e3e8ac43464508a418c146be57d",
                "sha256:e7b733d4d98e604109715e11f2ab9340eb45d53f803634ed730039070fc3bc11"
            ],
            "version": "==1.7.0"
        },
        "sgp4": {
            "hashes": [
                "sha256:05f22b4fd91861ee2e0e03a528c1aef11a8b263a60ab5f723d32cdb65dac3eaa",
                "sha256:06586caf071e3427bc4e5a5c84a806045532040dc2c35ca0ff12f34cab2ecb5c",
                "sha256:1af727dfe02ef32babd124644e96b8cc109b22142efb44e37d0e3aaf4c38a1ab",
                "sha256:1d3b5abc07266203f4b453e7c1ca8403ef2d7b8d1779c14c9a4177e4b1558ba5",
                "sha256:24477da85936b864fd765911f808a4d113c81189c2a0ecd5992bcdf9aecbf5ef",
                "sha256:2a89fc1debacfa10cf55ae1d40472037a57687b1ae3b66e7196e5af53fb96a56",
                "sha256:2b449e6cab15748608c6083f86b0059d26093f76fa227010df09d8f0954b3bbd",
                "sha256:3e3eb29c308d30d010316832606af184d243d5aab8ccc5d589f3cb85d74471f7",
                "sha256:43c2c6d464144bb80987b2e66f3992add58c65e095abe2b9d567650fdb877a9d",
                "sha256:4d5eb2aff4f645f5020ac869ec453dcd807836b3eb8b459d569eda40c358cd76",
                "sha256:642bae76c6e55b72feda3c5ca3721e837f2702816a120805349b06e40f85faea",
                "sha256:67f99f534fdc5650d8efe516e77dd9b43e4cb8ab9b38f2b66484085c0ff75077",
                "sha256:6c906973dc2966cba8065f359c3eaa18505280be8f625b54ebb98f5ddeb8d205",
                "sha256:7d848698ae2bf5bb9ea2082640b0417175a6b2e6e8d580114ebe04265cd1bfb4",
                "sha256:80f9b2f1c2ac53c7b8cbf1a08e5a39a56c1b7c18d3e0de922078758a784b0b20",
                "sha256:876b82d41a859c9ff65d3bdb7f6a3cecfc63bea529b4dc751b06eefbd6c3f1e0",
                "sha256:8c2f4f99ab360a93768bf88ad6a9fdf83edfa6292e0a0ac8924c85fde11b2055",
                "sha256:9fde328872f484eb644dabe32122ba617570ff61b548b7200a9d63629ac3097c",
                "sha256:b2169cd536355fc67e3870acea34c4fc22b2ccecab2c0bf45a01edfe646fe3d0",
                "sha256:cf4d5ac32b5e84c7b420109a09ea3c3741844fa92776f79d1c852cc67e2c1364",
                "sha256:d42a3dcdfd394c5059b99bbf8b35311e03e87d21fbfb6ba2d5c5d2dfad15d4d7",
                "sha256:dbfffe1ff2c223804e2ebdeb568baad46f40342943c4a74169fd75dc5dddda57",
                "sha256:dfc5214b65ad8229c499f0da3f5042a18239f12f4318e90d892a79dcbf27282f",
                "sha256:e73680b3b7b8b977766ae91eadd92988a0c3e36248dcac5d8263a957bec34a04",
                "sha256:e8ecc01fdffe81f11ca94bb255024379e62c92f73e2baec2bdf5a3c3108221ff",
                "sha256:ea37423d4317ec5351a4e3b6a3947a6053978e5290549d77ba375459527f7ccb",
                "sha256:ee329571c1a25ce4f1e2b01d6f923791d16c5a7a3a75219317073bc50a7d25fe",
                "sha256:ee3688ae409a201107927b24be10db2a61efdd5a919737b4900c57ee8b3a22d6",
                "sha256:f5d2830f2896cecc4af0729cd328994ae823f277f481d4fc992383eb79f3742a"
            ],
            "version": "==2.20"
        },
        "shapely": {
            "hashes": [
                "sha256:052eb5b9ba756808a7825e8a8020fb146ec489dd5c919e7d139014775411e688",
                "sha256:1641724c1055459a7e2b8bbe47ba25bdc89554582e62aec23cb3f3ca25f9b129",
                "sha256:17df66e87d0fe0193910aeaa938c99f0b04f67b430edb8adae01e7be557b141b",
                "sha256:182716ffb500d114b5d1b75d7fd9d14b7d3414cef3c38c0490534cc9ce20981a",
                "sha256:2df5260d0f2983309776cb41bfa85c464ec07018d88c0ecfca23d40bfadae2f1",
                "sha256:35be1c5d869966569d3dfd4ec31832d7c780e9df760e1fe52131105685941891",
                "sha256:46da0ea527da9cf9503e66c18bab6981c5556859e518fe71578b47126e54ca93",
                "sha256:4c10f317e379cc404f8fc510cd9982d5d3e7ba13a9cfd39aa251d894c6366798",
                "sha256:4f3c59f6dbf86a9fc293546de492f5e07344e045f9333f3a753f2dda903c45d1",
                "sha256:60e5b2282619249dbe8dc5266d781cc7d7fb1b27fa49f8241f2167672ad26719",
                "sha256:617bf046a6861d7c6b44d2d9cb9e2311548638e684c2cd071d8945f24a926263",
                "sha256:6593026cd3f5daaea12bcc51ae5c979318070fefee210e7990cb8ac2364e79a1",
                "sha256:6871acba8fbe744efa4f9f34e726d070bfbf9bffb356a8f6d64557846324232b",
                "sha256:7876239300104a59dbffb5da92b7173d8d89c13eb876becc4fc25109efcdeb10",
                "sha256:791477edb422692e7dc351c5ed6530eb0e949a31b45569946619a0d9cd5f53cb",
                "sha256:8e7659dd994792a0aad8fb80439f59055a21163e236faf2f9823beb63a380e19",
                "sha256:8f15b6ce67dcc05b61f19c689b60f3fe58550ba994290ff8332f711f5aaa9840",
                "sha256:90a3e2ae0d6d7d50ff2370ba168fbd416a53e7d8448410758c5d6a5920646c1d",
                "sha256:a3774516c8a83abfd1ddffb8b6ec1b0935d7fe6ea0ff5c31a18bfdae567b4eba",
                "sha256:a5c3a50d823c192f32615a2a6920e8c046b09e07a58eba220407335a9cd2e8ea",
                "sha256:b40cc7bb089ae4aa9ddba1db900b4cd1bce3925d2a4b5837b639e49de054784f",
                "sha256:da38ed3d65b8091447dc3717e5218cc336d20303b77b0634b261bc5c1aa2bae8",
                "sha256:de618e67b64a51a0768d26a9963ecd7d338a2cf6e9e7582d2385f88ad005b3d1",
                "sha256:e3afccf0437edc108eef1e2bb9cc4c7073e7705924eb4cd0bf7715cd1ef0ce1b"
            ],
            "path": "../install/windows_python_wheels/Shapely-1.7.1-cp37-cp37m-win_amd64.whl",
            "version": "==1.7.1"
        },
        "six": {
            "hashes": [
                "sha256:1e61c37477a1626458e36f7b1d82aa5c9b094fa4802892072e49de9c60c4c926",
                "sha256:8abb2f1d86890a2dfb989f9a77cfcfd3e47c2a354b01111771326f8aa26e0254"
            ],
            "version": "==1.16.0"
        },
        "statsmodels": {
            "hashes": [
                "sha256:0197855aa1d40c42532d6a75b4ca72e30826a50d90ec3047a404f9702d8b814f",
                "sha256:1fa720e895112a1b04b27002218b0ea7f10dd1d9cffd1c018c88bbfb82520f57",
                "sha256:37e107fa11299090ed90f93c7172162b850c28fd09999937b971926813e887c5",
                "sha256:3aab85174444f1bcad1e9218a3d3db08f0f86eeb97985236ca8605a0a39ce305",
                "sha256:3e94306d4c07e332532ea4911d1f1d1f661c79aa73f22c5bb22e6dd47b40d562",
                "sha256:4184487e9c281acad3d0bda19445c69db292f0dbb18f25ebf56a7966a0a28eef",
                "sha256:43de84bc08c8b9f778502aed7a476d6e68674e6878718e533b07d569cf0927a9",
                "sha256:587deb788e7f8f3f866d28e812cf5c082b4d4a2d3f5beea94d0e9699ea71ef22",
                "sha256:5d3e7333e1c5b234797ed57c3d1533371374c1e1e7e7ed54d27805611f96e2d5",
                "sha256:8ad7a7ae7cdd929095684118e3b05836c0ccb08b6a01fe984159475d174a1b10",
                "sha256:8f93cb3f7d87c1fc7e51b3b239371c25a17a0a8e782467fdf4788cfef600724a",
                "sha256:93273aa1c31caf59bcce9790ca4c3f54fdc45a37c61084d06f1ba4fbe56e7752",
                "sha256:94d3632d56c13eebebaefb52bd4b43144ad5a131337b57842f46db826fa7d2d3",
                "sha256:a3bd3922463dda8ad33e5e5075d2080e9e012aeb2032b5cdaeea9b79c2472000",
                "sha256:aaf3c75fd22cb9dcf9c1b28f8ae87521310870f4dd8a6a4f1010f1e46d992377",
                "sha256:c1d98ce2072f5e772cbf91d05475490368da5d3ee4a3150062330c7b83221ceb",
                "sha256:c3782ce846a52862ac72f89d22b6b1ca13d877bc593872309228a6f05d934321",
                "sha256:c48b7cbb37a651bb1cd23614abc10f447845ad3c3a713bf74e2aad20cfc94ae7",
                "sha256:cbbdf6f708c9a1f1fad5cdea5e4342d6fdb37e42e92288c2cf906b99976ffe15",
                "sha256:f3a7622f3d0ce2fc204f43b74de4e03e42775609705bf94d656b730482ca935a",
                "sha256:f61f33f64760a22100b6b146217823f73cfedd251c9bdbd58453ca94e63326c7"
            ],
            "version": "==0.12.2"
        },
        "urllib3": {
            "hashes": [
                "sha256:39fb8672126159acb139a7718dd10806104dec1e2f0f6c88aab05d17df10c8d4",
                "sha256:f57b4c16c62fa2760b7e3d97c35b255512fb6b59a259730f36ba32ce9f8e342f"
            ],
            "version": "==1.26.6"
        },
        "xlrd": {
            "hashes": [
                "sha256:6a33ee89877bd9abc1158129f6e94be74e2679636b8a205b43b85206c3f0bbdd",
                "sha256:f72f148f54442c6b056bf931dbc34f986fd0c3b0b6b5a58d013c9aef274d0c88"
            ],
            "index": "pypi",
            "version": "==2.0.1"
        }
    },
    "develop": {}
}
